<?xml version="1.0" encoding="UTF-8" standalone="yes" ?>
<CodeBlocks_project_file>
	<FileVersion major="1" minor="6" />
	<Project>
		<Option title="AnimaGui" />
		<Option execution_dir="/opt/lila/trunk/Projects/VS2008/" />
		<Option pch_mode="2" />
		<Option compiler="gcc" />
		<Build>
			<Target title="Debug Win32">
				<Option output="../lib/libAnimaGui_d" prefix_auto="1" extension_auto="1" />
				<Option working_dir="" />
				<Option object_output="../obj" />
				<Option type="2" />
				<Option compiler="gcc" />
				<Option createDefFile="1" />
				<Compiler>
					<Add option="-DWIN32" />
					<Add option="-D_DEBUG" />
					<Add option="-D_LIB" />
					<Add option="-W" />
					<Add option="-g" />
					<Add option="-O0" />
				</Compiler>
				<Linker>
					<Add library="AnimaGraphics_d" />
					<Add directory="Libs" />
				</Linker>
			</Target>
			<Target title="Release Win32">
				<Option output="lib" prefix_auto="1" extension_auto="1" />
				<Option working_dir="" />
				<Option object_output="Release Win32" />
				<Option type="2" />
				<Option compiler="gcc" />
				<Option createDefFile="1" />
				<Compiler>
					<Add option="-DWIN32" />
					<Add option="-DNDEBUG" />
					<Add option="-D_LIB" />
					<Add option="-W" />
					<Add option="-O2" />
				</Compiler>
			</Target>
		</Build>
		<Unit filename="../../../Anima/include/AnimaGuiContainer.h" />
		<Unit filename="../../../Anima/include/AnimaGuiEnums.h" />
		<Unit filename="../../../Anima/include/AnimaGuiLayout.h" />
		<Unit filename="../../../Anima/include/AnimaGuiLayoutFactory.h" />
		<Unit filename="../../../Anima/include/AnimaGuiManager.h" />
		<Unit filename="../../../Anima/include/AnimaGuiWidget.h" />
		<Unit filename="../../../Anima/include/AnimaGuiWidgetButton.h" />
		<Unit filename="../../../Anima/include/AnimaGuiWidgetContent.h" />
		<Unit filename="../../../Anima/include/AnimaGuiWidgetContentDrawable.h" />
		<Unit filename="../../../Anima/include/AnimaGuiWidgetContentGeometry.h" />
		<Unit filename="../../../Anima/include/AnimaGuiWidgetContentImage.h" />
		<Unit filename="../../../Anima/include/AnimaGuiWidgetContentText.h" />
		<Unit filename="../../../Anima/include/AnimaGuiWidgetDesc.h" />
		<Unit filename="../../../Anima/include/AnimaGuiWidgetDescButton.h" />
		<Unit filename="../../../Anima/include/AnimaGuiWidgetFactory.h" />
		<Unit filename="../../../Anima/include/AnimaGuiWidgetFactoryComponent.h" />
		<Unit filename="../../../Anima/include/AnimaGuiWidgetFactoryComponentButton.h" />
		<Unit filename="../../../Anima/source/AnimaGuiContainer.cpp" />
		<Unit filename="../../../Anima/source/AnimaGuiLayout.cpp" />
		<Unit filename="../../../Anima/source/AnimaGuiLayoutFactory.cpp" />
		<Unit filename="../../../Anima/source/AnimaGuiWidgetButton.cpp" />
		<Unit filename="../../../Anima/source/AnimaGuiWidgetContentDrawable.cpp" />
		<Unit filename="../../../Anima/source/AnimaGuiWidgetContentGeometry.cpp" />
		<Unit filename="../../../Anima/source/AnimaGuiWidgetContentImage.cpp" />
		<Unit filename="../../../Anima/source/AnimaGuiWidgetContentText.cpp" />
		<Unit filename="../../../Anima/source/AnimaGuiWidgetFactory.cpp" />
		<Extensions>
			<code_completion />
			<debugger />
		</Extensions>
	</Project>
</CodeBlocks_project_file>
