// !$*UTF8*$!
{
	archiveVersion = 1;
	classes = {
	};
	objectVersion = 45;
	objects = {

/* Begin PBXBuildFile section */
		60A4972311D452E2004BFA8E /* Carbon.framework in Frameworks */ = {isa = PBXBuildFile; fileRef = 60A4972211D452E2004BFA8E /* Carbon.framework */; };
		60CB09F11245624400D62946 /* AnimaSceneFactoryX3D.cpp in Sources */ = {isa = PBXBuildFile; fileRef = 60CB09EF1245624400D62946 /* AnimaSceneFactoryX3D.cpp */; };
		60CB09F21245624400D62946 /* AnimaSceneGraph.cpp in Sources */ = {isa = PBXBuildFile; fileRef = 60CB09F01245624400D62946 /* AnimaSceneGraph.cpp */; };
		60CB0A291245626100D62946 /* AnimaSceneColor.h in Headers */ = {isa = PBXBuildFile; fileRef = 60CB09F31245626100D62946 /* AnimaSceneColor.h */; };
		60CB0A2A1245626100D62946 /* AnimaSceneColorRGBA.h in Headers */ = {isa = PBXBuildFile; fileRef = 60CB09F41245626100D62946 /* AnimaSceneColorRGBA.h */; };
		60CB0A2B1245626100D62946 /* AnimaSceneFactory.h in Headers */ = {isa = PBXBuildFile; fileRef = 60CB09F51245626100D62946 /* AnimaSceneFactory.h */; };
		60CB0A2C1245626100D62946 /* AnimaSceneFactoryX3D.h in Headers */ = {isa = PBXBuildFile; fileRef = 60CB09F61245626100D62946 /* AnimaSceneFactoryX3D.h */; };
		60CB0A2D1245626100D62946 /* AnimaSceneGraph.h in Headers */ = {isa = PBXBuildFile; fileRef = 60CB09F71245626100D62946 /* AnimaSceneGraph.h */; };
		60CB0A2E1245626100D62946 /* AnimaSceneGraphX3D.h in Headers */ = {isa = PBXBuildFile; fileRef = 60CB09F81245626100D62946 /* AnimaSceneGraphX3D.h */; };
		60CB0A2F1245626100D62946 /* AnimaSceneIndexedTriangleSet.h in Headers */ = {isa = PBXBuildFile; fileRef = 60CB09F91245626100D62946 /* AnimaSceneIndexedTriangleSet.h */; };
		60CB0A301245626100D62946 /* AnimaSceneNode.h in Headers */ = {isa = PBXBuildFile; fileRef = 60CB09FA1245626100D62946 /* AnimaSceneNode.h */; };
		60CB0A311245626100D62946 /* AnimaSceneTransformNode.h in Headers */ = {isa = PBXBuildFile; fileRef = 60CB09FB1245626100D62946 /* AnimaSceneTransformNode.h */; };
		60CB0A321245626100D62946 /* AnimaSceneTypedefs.h in Headers */ = {isa = PBXBuildFile; fileRef = 60CB09FC1245626100D62946 /* AnimaSceneTypedefs.h */; };
		60CB0A331245626100D62946 /* AnimaSceneX3DAppearance.h in Headers */ = {isa = PBXBuildFile; fileRef = 60CB09FD1245626100D62946 /* AnimaSceneX3DAppearance.h */; };
		60CB0A341245626100D62946 /* AnimaSceneX3DAppearanceChildNode.h in Headers */ = {isa = PBXBuildFile; fileRef = 60CB09FE1245626100D62946 /* AnimaSceneX3DAppearanceChildNode.h */; };
		60CB0A351245626100D62946 /* AnimaSceneX3DAppearanceNode.h in Headers */ = {isa = PBXBuildFile; fileRef = 60CB09FF1245626100D62946 /* AnimaSceneX3DAppearanceNode.h */; };
		60CB0A361245626100D62946 /* AnimaSceneX3DBindableNode.h in Headers */ = {isa = PBXBuildFile; fileRef = 60CB0A001245626100D62946 /* AnimaSceneX3DBindableNode.h */; };
		60CB0A371245626100D62946 /* AnimaSceneX3DBoundedObject.h in Headers */ = {isa = PBXBuildFile; fileRef = 60CB0A011245626100D62946 /* AnimaSceneX3DBoundedObject.h */; };
		60CB0A381245626100D62946 /* AnimaSceneX3DChildNode.h in Headers */ = {isa = PBXBuildFile; fileRef = 60CB0A021245626100D62946 /* AnimaSceneX3DChildNode.h */; };
		60CB0A391245626100D62946 /* AnimaSceneX3DClipPlane.h in Headers */ = {isa = PBXBuildFile; fileRef = 60CB0A031245626100D62946 /* AnimaSceneX3DClipPlane.h */; };
		60CB0A3A1245626100D62946 /* AnimaSceneX3DColorNode.h in Headers */ = {isa = PBXBuildFile; fileRef = 60CB0A041245626100D62946 /* AnimaSceneX3DColorNode.h */; };
		60CB0A3B1245626100D62946 /* AnimaSceneX3DComposedGeometryNode.h in Headers */ = {isa = PBXBuildFile; fileRef = 60CB0A051245626100D62946 /* AnimaSceneX3DComposedGeometryNode.h */; };
		60CB0A3C1245626100D62946 /* AnimaSceneX3DCoordinate.h in Headers */ = {isa = PBXBuildFile; fileRef = 60CB0A061245626100D62946 /* AnimaSceneX3DCoordinate.h */; };
		60CB0A3D1245626100D62946 /* AnimaSceneX3DCoordinateNode.h in Headers */ = {isa = PBXBuildFile; fileRef = 60CB0A071245626100D62946 /* AnimaSceneX3DCoordinateNode.h */; };
		60CB0A3E1245626100D62946 /* AnimaSceneX3DFillProperties.h in Headers */ = {isa = PBXBuildFile; fileRef = 60CB0A081245626100D62946 /* AnimaSceneX3DFillProperties.h */; };
		60CB0A3F1245626100D62946 /* AnimaSceneX3DGeometricPropertyNode.h in Headers */ = {isa = PBXBuildFile; fileRef = 60CB0A091245626100D62946 /* AnimaSceneX3DGeometricPropertyNode.h */; };
		60CB0A401245626100D62946 /* AnimaSceneX3DGeometryNode.h in Headers */ = {isa = PBXBuildFile; fileRef = 60CB0A0A1245626100D62946 /* AnimaSceneX3DGeometryNode.h */; };
		60CB0A411245626100D62946 /* AnimaSceneX3DGroupingNode.h in Headers */ = {isa = PBXBuildFile; fileRef = 60CB0A0B1245626100D62946 /* AnimaSceneX3DGroupingNode.h */; };
		60CB0A421245626100D62946 /* AnimaSceneX3DIndexedLineSet.h in Headers */ = {isa = PBXBuildFile; fileRef = 60CB0A0C1245626100D62946 /* AnimaSceneX3DIndexedLineSet.h */; };
		60CB0A431245626100D62946 /* AnimaSceneX3DIndexedTriangleSet.h in Headers */ = {isa = PBXBuildFile; fileRef = 60CB0A0D1245626100D62946 /* AnimaSceneX3DIndexedTriangleSet.h */; };
		60CB0A441245626100D62946 /* AnimaSceneX3DInfoNode.h in Headers */ = {isa = PBXBuildFile; fileRef = 60CB0A0E1245626100D62946 /* AnimaSceneX3DInfoNode.h */; };
		60CB0A451245626100D62946 /* AnimaSceneX3DLayer.h in Headers */ = {isa = PBXBuildFile; fileRef = 60CB0A0F1245626100D62946 /* AnimaSceneX3DLayer.h */; };
		60CB0A461245626100D62946 /* AnimaSceneX3DLayerNode.h in Headers */ = {isa = PBXBuildFile; fileRef = 60CB0A101245626100D62946 /* AnimaSceneX3DLayerNode.h */; };
		60CB0A471245626100D62946 /* AnimaSceneX3DLayerSet.h in Headers */ = {isa = PBXBuildFile; fileRef = 60CB0A111245626100D62946 /* AnimaSceneX3DLayerSet.h */; };
		60CB0A481245626100D62946 /* AnimaSceneX3DLineProperties.h in Headers */ = {isa = PBXBuildFile; fileRef = 60CB0A121245626100D62946 /* AnimaSceneX3DLineProperties.h */; };
		60CB0A491245626100D62946 /* AnimaSceneX3DMaterial.h in Headers */ = {isa = PBXBuildFile; fileRef = 60CB0A131245626100D62946 /* AnimaSceneX3DMaterial.h */; };
		60CB0A4A1245626100D62946 /* AnimaSceneX3DMaterialNode.h in Headers */ = {isa = PBXBuildFile; fileRef = 60CB0A141245626100D62946 /* AnimaSceneX3DMaterialNode.h */; };
		60CB0A4B1245626100D62946 /* AnimaSceneX3DMetadataObject.h in Headers */ = {isa = PBXBuildFile; fileRef = 60CB0A151245626100D62946 /* AnimaSceneX3DMetadataObject.h */; };
		60CB0A4C1245626100D62946 /* AnimaSceneX3DNetworkSensorNode.h in Headers */ = {isa = PBXBuildFile; fileRef = 60CB0A161245626100D62946 /* AnimaSceneX3DNetworkSensorNode.h */; };
		60CB0A4D1245626100D62946 /* AnimaSceneX3DNode.h in Headers */ = {isa = PBXBuildFile; fileRef = 60CB0A171245626100D62946 /* AnimaSceneX3DNode.h */; };
		60CB0A4E1245626100D62946 /* AnimaSceneX3DNormalNode.h in Headers */ = {isa = PBXBuildFile; fileRef = 60CB0A181245626100D62946 /* AnimaSceneX3DNormalNode.h */; };
		60CB0A4F1245626100D62946 /* AnimaSceneX3DPrototypeInstance.h in Headers */ = {isa = PBXBuildFile; fileRef = 60CB0A191245626100D62946 /* AnimaSceneX3DPrototypeInstance.h */; };
		60CB0A501245626100D62946 /* AnimaSceneX3DSensorNode.h in Headers */ = {isa = PBXBuildFile; fileRef = 60CB0A1A1245626100D62946 /* AnimaSceneX3DSensorNode.h */; };
		60CB0A511245626100D62946 /* AnimaSceneX3DShaderNode.h in Headers */ = {isa = PBXBuildFile; fileRef = 60CB0A1B1245626100D62946 /* AnimaSceneX3DShaderNode.h */; };
		60CB0A521245626100D62946 /* AnimaSceneX3DShape.h in Headers */ = {isa = PBXBuildFile; fileRef = 60CB0A1C1245626100D62946 /* AnimaSceneX3DShape.h */; };
		60CB0A531245626100D62946 /* AnimaSceneX3DShapeNode.h in Headers */ = {isa = PBXBuildFile; fileRef = 60CB0A1D1245626100D62946 /* AnimaSceneX3DShapeNode.h */; };
		60CB0A541245626100D62946 /* AnimaSceneX3DTextureCoordinateNode.h in Headers */ = {isa = PBXBuildFile; fileRef = 60CB0A1E1245626100D62946 /* AnimaSceneX3DTextureCoordinateNode.h */; };
		60CB0A551245626100D62946 /* AnimaSceneX3DTextureNode.h in Headers */ = {isa = PBXBuildFile; fileRef = 60CB0A1F1245626100D62946 /* AnimaSceneX3DTextureNode.h */; };
		60CB0A561245626100D62946 /* AnimaSceneX3DTextureTransformNode.h in Headers */ = {isa = PBXBuildFile; fileRef = 60CB0A201245626100D62946 /* AnimaSceneX3DTextureTransformNode.h */; };
		60CB0A571245626100D62946 /* AnimaSceneX3DTransform.h in Headers */ = {isa = PBXBuildFile; fileRef = 60CB0A211245626100D62946 /* AnimaSceneX3DTransform.h */; };
		60CB0A581245626100D62946 /* AnimaSceneX3DTriangleSet.h in Headers */ = {isa = PBXBuildFile; fileRef = 60CB0A221245626100D62946 /* AnimaSceneX3DTriangleSet.h */; };
		60CB0A591245626100D62946 /* AnimaSceneX3DTwoSidedMaterial.h in Headers */ = {isa = PBXBuildFile; fileRef = 60CB0A231245626100D62946 /* AnimaSceneX3DTwoSidedMaterial.h */; };
		60CB0A5A1245626100D62946 /* AnimaSceneX3DTypedefs.h in Headers */ = {isa = PBXBuildFile; fileRef = 60CB0A241245626100D62946 /* AnimaSceneX3DTypedefs.h */; };
		60CB0A5B1245626100D62946 /* AnimaSceneX3DUrlObject.h in Headers */ = {isa = PBXBuildFile; fileRef = 60CB0A251245626100D62946 /* AnimaSceneX3DUrlObject.h */; };
		60CB0A5C1245626100D62946 /* AnimaSceneX3DVertexAttributeNode.h in Headers */ = {isa = PBXBuildFile; fileRef = 60CB0A261245626100D62946 /* AnimaSceneX3DVertexAttributeNode.h */; };
		60CB0A5D1245626100D62946 /* AnimaSceneX3DViewport.h in Headers */ = {isa = PBXBuildFile; fileRef = 60CB0A271245626100D62946 /* AnimaSceneX3DViewport.h */; };
		60CB0A5E1245626100D62946 /* AnimaSceneX3DViewportNode.h in Headers */ = {isa = PBXBuildFile; fileRef = 60CB0A281245626100D62946 /* AnimaSceneX3DViewportNode.h */; };
/* End PBXBuildFile section */

/* Begin PBXFileReference section */
		600D825311C3F64E0029C527 /* libAnimaScene_d.a */ = {isa = PBXFileReference; explicitFileType = archive.ar; includeInIndex = 0; path = libAnimaScene_d.a; sourceTree = BUILT_PRODUCTS_DIR; };
		60A4972211D452E2004BFA8E /* Carbon.framework */ = {isa = PBXFileReference; lastKnownFileType = wrapper.framework; name = Carbon.framework; path = System/Library/Frameworks/Carbon.framework; sourceTree = SDKROOT; };
		60CB09EF1245624400D62946 /* AnimaSceneFactoryX3D.cpp */ = {isa = PBXFileReference; fileEncoding = 4; lastKnownFileType = sourcecode.cpp.cpp; name = AnimaSceneFactoryX3D.cpp; path = ../../Anima/source/AnimaSceneFactoryX3D.cpp; sourceTree = SOURCE_ROOT; };
		60CB09F01245624400D62946 /* AnimaSceneGraph.cpp */ = {isa = PBXFileReference; fileEncoding = 4; lastKnownFileType = sourcecode.cpp.cpp; name = AnimaSceneGraph.cpp; path = ../../Anima/source/AnimaSceneGraph.cpp; sourceTree = SOURCE_ROOT; };
		60CB09F31245626100D62946 /* AnimaSceneColor.h */ = {isa = PBXFileReference; fileEncoding = 4; lastKnownFileType = sourcecode.c.h; name = AnimaSceneColor.h; path = ../../Anima/include/AnimaSceneColor.h; sourceTree = SOURCE_ROOT; };
		60CB09F41245626100D62946 /* AnimaSceneColorRGBA.h */ = {isa = PBXFileReference; fileEncoding = 4; lastKnownFileType = sourcecode.c.h; name = AnimaSceneColorRGBA.h; path = ../../Anima/include/AnimaSceneColorRGBA.h; sourceTree = SOURCE_ROOT; };
		60CB09F51245626100D62946 /* AnimaSceneFactory.h */ = {isa = PBXFileReference; fileEncoding = 4; lastKnownFileType = sourcecode.c.h; name = AnimaSceneFactory.h; path = ../../Anima/include/AnimaSceneFactory.h; sourceTree = SOURCE_ROOT; };
		60CB09F61245626100D62946 /* AnimaSceneFactoryX3D.h */ = {isa = PBXFileReference; fileEncoding = 4; lastKnownFileType = sourcecode.c.h; name = AnimaSceneFactoryX3D.h; path = ../../Anima/include/AnimaSceneFactoryX3D.h; sourceTree = SOURCE_ROOT; };
		60CB09F71245626100D62946 /* AnimaSceneGraph.h */ = {isa = PBXFileReference; fileEncoding = 4; lastKnownFileType = sourcecode.c.h; name = AnimaSceneGraph.h; path = ../../Anima/include/AnimaSceneGraph.h; sourceTree = SOURCE_ROOT; };
		60CB09F81245626100D62946 /* AnimaSceneGraphX3D.h */ = {isa = PBXFileReference; fileEncoding = 4; lastKnownFileType = sourcecode.c.h; name = AnimaSceneGraphX3D.h; path = ../../Anima/include/AnimaSceneGraphX3D.h; sourceTree = SOURCE_ROOT; };
		60CB09F91245626100D62946 /* AnimaSceneIndexedTriangleSet.h */ = {isa = PBXFileReference; fileEncoding = 4; lastKnownFileType = sourcecode.c.h; name = AnimaSceneIndexedTriangleSet.h; path = ../../Anima/include/AnimaSceneIndexedTriangleSet.h; sourceTree = SOURCE_ROOT; };
		60CB09FA1245626100D62946 /* AnimaSceneNode.h */ = {isa = PBXFileReference; fileEncoding = 4; lastKnownFileType = sourcecode.c.h; name = AnimaSceneNode.h; path = ../../Anima/include/AnimaSceneNode.h; sourceTree = SOURCE_ROOT; };
		60CB09FB1245626100D62946 /* AnimaSceneTransformNode.h */ = {isa = PBXFileReference; fileEncoding = 4; lastKnownFileType = sourcecode.c.h; name = AnimaSceneTransformNode.h; path = ../../Anima/include/AnimaSceneTransformNode.h; sourceTree = SOURCE_ROOT; };
		60CB09FC1245626100D62946 /* AnimaSceneTypedefs.h */ = {isa = PBXFileReference; fileEncoding = 4; lastKnownFileType = sourcecode.c.h; name = AnimaSceneTypedefs.h; path = ../../Anima/include/AnimaSceneTypedefs.h; sourceTree = SOURCE_ROOT; };
		60CB09FD1245626100D62946 /* AnimaSceneX3DAppearance.h */ = {isa = PBXFileReference; fileEncoding = 4; lastKnownFileType = sourcecode.c.h; name = AnimaSceneX3DAppearance.h; path = ../../Anima/include/AnimaSceneX3DAppearance.h; sourceTree = SOURCE_ROOT; };
		60CB09FE1245626100D62946 /* AnimaSceneX3DAppearanceChildNode.h */ = {isa = PBXFileReference; fileEncoding = 4; lastKnownFileType = sourcecode.c.h; name = AnimaSceneX3DAppearanceChildNode.h; path = ../../Anima/include/AnimaSceneX3DAppearanceChildNode.h; sourceTree = SOURCE_ROOT; };
		60CB09FF1245626100D62946 /* AnimaSceneX3DAppearanceNode.h */ = {isa = PBXFileReference; fileEncoding = 4; lastKnownFileType = sourcecode.c.h; name = AnimaSceneX3DAppearanceNode.h; path = ../../Anima/include/AnimaSceneX3DAppearanceNode.h; sourceTree = SOURCE_ROOT; };
		60CB0A001245626100D62946 /* AnimaSceneX3DBindableNode.h */ = {isa = PBXFileReference; fileEncoding = 4; lastKnownFileType = sourcecode.c.h; name = AnimaSceneX3DBindableNode.h; path = ../../Anima/include/AnimaSceneX3DBindableNode.h; sourceTree = SOURCE_ROOT; };
		60CB0A011245626100D62946 /* AnimaSceneX3DBoundedObject.h */ = {isa = PBXFileReference; fileEncoding = 4; lastKnownFileType = sourcecode.c.h; name = AnimaSceneX3DBoundedObject.h; path = ../../Anima/include/AnimaSceneX3DBoundedObject.h; sourceTree = SOURCE_ROOT; };
		60CB0A021245626100D62946 /* AnimaSceneX3DChildNode.h */ = {isa = PBXFileReference; fileEncoding = 4; lastKnownFileType = sourcecode.c.h; name = AnimaSceneX3DChildNode.h; path = ../../Anima/include/AnimaSceneX3DChildNode.h; sourceTree = SOURCE_ROOT; };
		60CB0A031245626100D62946 /* AnimaSceneX3DClipPlane.h */ = {isa = PBXFileReference; fileEncoding = 4; lastKnownFileType = sourcecode.c.h; name = AnimaSceneX3DClipPlane.h; path = ../../Anima/include/AnimaSceneX3DClipPlane.h; sourceTree = SOURCE_ROOT; };
		60CB0A041245626100D62946 /* AnimaSceneX3DColorNode.h */ = {isa = PBXFileReference; fileEncoding = 4; lastKnownFileType = sourcecode.c.h; name = AnimaSceneX3DColorNode.h; path = ../../Anima/include/AnimaSceneX3DColorNode.h; sourceTree = SOURCE_ROOT; };
		60CB0A051245626100D62946 /* AnimaSceneX3DComposedGeometryNode.h */ = {isa = PBXFileReference; fileEncoding = 4; lastKnownFileType = sourcecode.c.h; name = AnimaSceneX3DComposedGeometryNode.h; path = ../../Anima/include/AnimaSceneX3DComposedGeometryNode.h; sourceTree = SOURCE_ROOT; };
		60CB0A061245626100D62946 /* AnimaSceneX3DCoordinate.h */ = {isa = PBXFileReference; fileEncoding = 4; lastKnownFileType = sourcecode.c.h; name = AnimaSceneX3DCoordinate.h; path = ../../Anima/include/AnimaSceneX3DCoordinate.h; sourceTree = SOURCE_ROOT; };
		60CB0A071245626100D62946 /* AnimaSceneX3DCoordinateNode.h */ = {isa = PBXFileReference; fileEncoding = 4; lastKnownFileType = sourcecode.c.h; name = AnimaSceneX3DCoordinateNode.h; path = ../../Anima/include/AnimaSceneX3DCoordinateNode.h; sourceTree = SOURCE_ROOT; };
		60CB0A081245626100D62946 /* AnimaSceneX3DFillProperties.h */ = {isa = PBXFileReference; fileEncoding = 4; lastKnownFileType = sourcecode.c.h; name = AnimaSceneX3DFillProperties.h; path = ../../Anima/include/AnimaSceneX3DFillProperties.h; sourceTree = SOURCE_ROOT; };
		60CB0A091245626100D62946 /* AnimaSceneX3DGeometricPropertyNode.h */ = {isa = PBXFileReference; fileEncoding = 4; lastKnownFileType = sourcecode.c.h; name = AnimaSceneX3DGeometricPropertyNode.h; path = ../../Anima/include/AnimaSceneX3DGeometricPropertyNode.h; sourceTree = SOURCE_ROOT; };
		60CB0A0A1245626100D62946 /* AnimaSceneX3DGeometryNode.h */ = {isa = PBXFileReference; fileEncoding = 4; lastKnownFileType = sourcecode.c.h; name = AnimaSceneX3DGeometryNode.h; path = ../../Anima/include/AnimaSceneX3DGeometryNode.h; sourceTree = SOURCE_ROOT; };
		60CB0A0B1245626100D62946 /* AnimaSceneX3DGroupingNode.h */ = {isa = PBXFileReference; fileEncoding = 4; lastKnownFileType = sourcecode.c.h; name = AnimaSceneX3DGroupingNode.h; path = ../../Anima/include/AnimaSceneX3DGroupingNode.h; sourceTree = SOURCE_ROOT; };
		60CB0A0C1245626100D62946 /* AnimaSceneX3DIndexedLineSet.h */ = {isa = PBXFileReference; fileEncoding = 4; lastKnownFileType = sourcecode.c.h; name = AnimaSceneX3DIndexedLineSet.h; path = ../../Anima/include/AnimaSceneX3DIndexedLineSet.h; sourceTree = SOURCE_ROOT; };
		60CB0A0D1245626100D62946 /* AnimaSceneX3DIndexedTriangleSet.h */ = {isa = PBXFileReference; fileEncoding = 4; lastKnownFileType = sourcecode.c.h; name = AnimaSceneX3DIndexedTriangleSet.h; path = ../../Anima/include/AnimaSceneX3DIndexedTriangleSet.h; sourceTree = SOURCE_ROOT; };
		60CB0A0E1245626100D62946 /* AnimaSceneX3DInfoNode.h */ = {isa = PBXFileReference; fileEncoding = 4; lastKnownFileType = sourcecode.c.h; name = AnimaSceneX3DInfoNode.h; path = ../../Anima/include/AnimaSceneX3DInfoNode.h; sourceTree = SOURCE_ROOT; };
		60CB0A0F1245626100D62946 /* AnimaSceneX3DLayer.h */ = {isa = PBXFileReference; fileEncoding = 4; lastKnownFileType = sourcecode.c.h; name = AnimaSceneX3DLayer.h; path = ../../Anima/include/AnimaSceneX3DLayer.h; sourceTree = SOURCE_ROOT; };
		60CB0A101245626100D62946 /* AnimaSceneX3DLayerNode.h */ = {isa = PBXFileReference; fileEncoding = 4; lastKnownFileType = sourcecode.c.h; name = AnimaSceneX3DLayerNode.h; path = ../../Anima/include/AnimaSceneX3DLayerNode.h; sourceTree = SOURCE_ROOT; };
		60CB0A111245626100D62946 /* AnimaSceneX3DLayerSet.h */ = {isa = PBXFileReference; fileEncoding = 4; lastKnownFileType = sourcecode.c.h; name = AnimaSceneX3DLayerSet.h; path = ../../Anima/include/AnimaSceneX3DLayerSet.h; sourceTree = SOURCE_ROOT; };
		60CB0A121245626100D62946 /* AnimaSceneX3DLineProperties.h */ = {isa = PBXFileReference; fileEncoding = 4; lastKnownFileType = sourcecode.c.h; name = AnimaSceneX3DLineProperties.h; path = ../../Anima/include/AnimaSceneX3DLineProperties.h; sourceTree = SOURCE_ROOT; };
		60CB0A131245626100D62946 /* AnimaSceneX3DMaterial.h */ = {isa = PBXFileReference; fileEncoding = 4; lastKnownFileType = sourcecode.c.h; name = AnimaSceneX3DMaterial.h; path = ../../Anima/include/AnimaSceneX3DMaterial.h; sourceTree = SOURCE_ROOT; };
		60CB0A141245626100D62946 /* AnimaSceneX3DMaterialNode.h */ = {isa = PBXFileReference; fileEncoding = 4; lastKnownFileType = sourcecode.c.h; name = AnimaSceneX3DMaterialNode.h; path = ../../Anima/include/AnimaSceneX3DMaterialNode.h; sourceTree = SOURCE_ROOT; };
		60CB0A151245626100D62946 /* AnimaSceneX3DMetadataObject.h */ = {isa = PBXFileReference; fileEncoding = 4; lastKnownFileType = sourcecode.c.h; name = AnimaSceneX3DMetadataObject.h; path = ../../Anima/include/AnimaSceneX3DMetadataObject.h; sourceTree = SOURCE_ROOT; };
		60CB0A161245626100D62946 /* AnimaSceneX3DNetworkSensorNode.h */ = {isa = PBXFileReference; fileEncoding = 4; lastKnownFileType = sourcecode.c.h; name = AnimaSceneX3DNetworkSensorNode.h; path = ../../Anima/include/AnimaSceneX3DNetworkSensorNode.h; sourceTree = SOURCE_ROOT; };
		60CB0A171245626100D62946 /* AnimaSceneX3DNode.h */ = {isa = PBXFileReference; fileEncoding = 4; lastKnownFileType = sourcecode.c.h; name = AnimaSceneX3DNode.h; path = ../../Anima/include/AnimaSceneX3DNode.h; sourceTree = SOURCE_ROOT; };
		60CB0A181245626100D62946 /* AnimaSceneX3DNormalNode.h */ = {isa = PBXFileReference; fileEncoding = 4; lastKnownFileType = sourcecode.c.h; name = AnimaSceneX3DNormalNode.h; path = ../../Anima/include/AnimaSceneX3DNormalNode.h; sourceTree = SOURCE_ROOT; };
		60CB0A191245626100D62946 /* AnimaSceneX3DPrototypeInstance.h */ = {isa = PBXFileReference; fileEncoding = 4; lastKnownFileType = sourcecode.c.h; name = AnimaSceneX3DPrototypeInstance.h; path = ../../Anima/include/AnimaSceneX3DPrototypeInstance.h; sourceTree = SOURCE_ROOT; };
		60CB0A1A1245626100D62946 /* AnimaSceneX3DSensorNode.h */ = {isa = PBXFileReference; fileEncoding = 4; lastKnownFileType = sourcecode.c.h; name = AnimaSceneX3DSensorNode.h; path = ../../Anima/include/AnimaSceneX3DSensorNode.h; sourceTree = SOURCE_ROOT; };
		60CB0A1B1245626100D62946 /* AnimaSceneX3DShaderNode.h */ = {isa = PBXFileReference; fileEncoding = 4; lastKnownFileType = sourcecode.c.h; name = AnimaSceneX3DShaderNode.h; path = ../../Anima/include/AnimaSceneX3DShaderNode.h; sourceTree = SOURCE_ROOT; };
		60CB0A1C1245626100D62946 /* AnimaSceneX3DShape.h */ = {isa = PBXFileReference; fileEncoding = 4; lastKnownFileType = sourcecode.c.h; name = AnimaSceneX3DShape.h; path = ../../Anima/include/AnimaSceneX3DShape.h; sourceTree = SOURCE_ROOT; };
		60CB0A1D1245626100D62946 /* AnimaSceneX3DShapeNode.h */ = {isa = PBXFileReference; fileEncoding = 4; lastKnownFileType = sourcecode.c.h; name = AnimaSceneX3DShapeNode.h; path = ../../Anima/include/AnimaSceneX3DShapeNode.h; sourceTree = SOURCE_ROOT; };
		60CB0A1E1245626100D62946 /* AnimaSceneX3DTextureCoordinateNode.h */ = {isa = PBXFileReference; fileEncoding = 4; lastKnownFileType = sourcecode.c.h; name = AnimaSceneX3DTextureCoordinateNode.h; path = ../../Anima/include/AnimaSceneX3DTextureCoordinateNode.h; sourceTree = SOURCE_ROOT; };
		60CB0A1F1245626100D62946 /* AnimaSceneX3DTextureNode.h */ = {isa = PBXFileReference; fileEncoding = 4; lastKnownFileType = sourcecode.c.h; name = AnimaSceneX3DTextureNode.h; path = ../../Anima/include/AnimaSceneX3DTextureNode.h; sourceTree = SOURCE_ROOT; };
		60CB0A201245626100D62946 /* AnimaSceneX3DTextureTransformNode.h */ = {isa = PBXFileReference; fileEncoding = 4; lastKnownFileType = sourcecode.c.h; name = AnimaSceneX3DTextureTransformNode.h; path = ../../Anima/include/AnimaSceneX3DTextureTransformNode.h; sourceTree = SOURCE_ROOT; };
		60CB0A211245626100D62946 /* AnimaSceneX3DTransform.h */ = {isa = PBXFileReference; fileEncoding = 4; lastKnownFileType = sourcecode.c.h; name = AnimaSceneX3DTransform.h; path = ../../Anima/include/AnimaSceneX3DTransform.h; sourceTree = SOURCE_ROOT; };
		60CB0A221245626100D62946 /* AnimaSceneX3DTriangleSet.h */ = {isa = PBXFileReference; fileEncoding = 4; lastKnownFileType = sourcecode.c.h; name = AnimaSceneX3DTriangleSet.h; path = ../../Anima/include/AnimaSceneX3DTriangleSet.h; sourceTree = SOURCE_ROOT; };
		60CB0A231245626100D62946 /* AnimaSceneX3DTwoSidedMaterial.h */ = {isa = PBXFileReference; fileEncoding = 4; lastKnownFileType = sourcecode.c.h; name = AnimaSceneX3DTwoSidedMaterial.h; path = ../../Anima/include/AnimaSceneX3DTwoSidedMaterial.h; sourceTree = SOURCE_ROOT; };
		60CB0A241245626100D62946 /* AnimaSceneX3DTypedefs.h */ = {isa = PBXFileReference; fileEncoding = 4; lastKnownFileType = sourcecode.c.h; name = AnimaSceneX3DTypedefs.h; path = ../../Anima/include/AnimaSceneX3DTypedefs.h; sourceTree = SOURCE_ROOT; };
		60CB0A251245626100D62946 /* AnimaSceneX3DUrlObject.h */ = {isa = PBXFileReference; fileEncoding = 4; lastKnownFileType = sourcecode.c.h; name = AnimaSceneX3DUrlObject.h; path = ../../Anima/include/AnimaSceneX3DUrlObject.h; sourceTree = SOURCE_ROOT; };
		60CB0A261245626100D62946 /* AnimaSceneX3DVertexAttributeNode.h */ = {isa = PBXFileReference; fileEncoding = 4; lastKnownFileType = sourcecode.c.h; name = AnimaSceneX3DVertexAttributeNode.h; path = ../../Anima/include/AnimaSceneX3DVertexAttributeNode.h; sourceTree = SOURCE_ROOT; };
		60CB0A271245626100D62946 /* AnimaSceneX3DViewport.h */ = {isa = PBXFileReference; fileEncoding = 4; lastKnownFileType = sourcecode.c.h; name = AnimaSceneX3DViewport.h; path = ../../Anima/include/AnimaSceneX3DViewport.h; sourceTree = SOURCE_ROOT; };
		60CB0A281245626100D62946 /* AnimaSceneX3DViewportNode.h */ = {isa = PBXFileReference; fileEncoding = 4; lastKnownFileType = sourcecode.c.h; name = AnimaSceneX3DViewportNode.h; path = ../../Anima/include/AnimaSceneX3DViewportNode.h; sourceTree = SOURCE_ROOT; };
/* End PBXFileReference section */

/* Begin PBXFrameworksBuildPhase section */
		600D825111C3F64E0029C527 /* Frameworks */ = {
			isa = PBXFrameworksBuildPhase;
			buildActionMask = 2147483647;
			files = (
				60A4972311D452E2004BFA8E /* Carbon.framework in Frameworks */,
			);
			runOnlyForDeploymentPostprocessing = 0;
		};
/* End PBXFrameworksBuildPhase section */

/* Begin PBXGroup section */
		08FB7794FE84155DC02AAC07 /* OgreProject */ = {
			isa = PBXGroup;
			children = (
				600D824B11C3F5CE0029C527 /* include */,
				600D824A11C3F5C10029C527 /* source */,
				609F341E11C3F48000B723ED /* Products */,
				60A4972211D452E2004BFA8E /* Carbon.framework */,
			);
			name = OgreProject;
			sourceTree = "<group>";
		};
		600D824A11C3F5C10029C527 /* source */ = {
			isa = PBXGroup;
			children = (
				60CB09EF1245624400D62946 /* AnimaSceneFactoryX3D.cpp */,
				60CB09F01245624400D62946 /* AnimaSceneGraph.cpp */,
			);
			name = source;
			sourceTree = "<group>";
		};
		600D824B11C3F5CE0029C527 /* include */ = {
			isa = PBXGroup;
			children = (
				60CB09F31245626100D62946 /* AnimaSceneColor.h */,
				60CB09F41245626100D62946 /* AnimaSceneColorRGBA.h */,
				60CB09F51245626100D62946 /* AnimaSceneFactory.h */,
				60CB09F61245626100D62946 /* AnimaSceneFactoryX3D.h */,
				60CB09F71245626100D62946 /* AnimaSceneGraph.h */,
				60CB09F81245626100D62946 /* AnimaSceneGraphX3D.h */,
				60CB09F91245626100D62946 /* AnimaSceneIndexedTriangleSet.h */,
				60CB09FA1245626100D62946 /* AnimaSceneNode.h */,
				60CB09FB1245626100D62946 /* AnimaSceneTransformNode.h */,
				60CB09FC1245626100D62946 /* AnimaSceneTypedefs.h */,
				60CB09FD1245626100D62946 /* AnimaSceneX3DAppearance.h */,
				60CB09FE1245626100D62946 /* AnimaSceneX3DAppearanceChildNode.h */,
				60CB09FF1245626100D62946 /* AnimaSceneX3DAppearanceNode.h */,
				60CB0A001245626100D62946 /* AnimaSceneX3DBindableNode.h */,
				60CB0A011245626100D62946 /* AnimaSceneX3DBoundedObject.h */,
				60CB0A021245626100D62946 /* AnimaSceneX3DChildNode.h */,
				60CB0A031245626100D62946 /* AnimaSceneX3DClipPlane.h */,
				60CB0A041245626100D62946 /* AnimaSceneX3DColorNode.h */,
				60CB0A051245626100D62946 /* AnimaSceneX3DComposedGeometryNode.h */,
				60CB0A061245626100D62946 /* AnimaSceneX3DCoordinate.h */,
				60CB0A071245626100D62946 /* AnimaSceneX3DCoordinateNode.h */,
				60CB0A081245626100D62946 /* AnimaSceneX3DFillProperties.h */,
				60CB0A091245626100D62946 /* AnimaSceneX3DGeometricPropertyNode.h */,
				60CB0A0A1245626100D62946 /* AnimaSceneX3DGeometryNode.h */,
				60CB0A0B1245626100D62946 /* AnimaSceneX3DGroupingNode.h */,
				60CB0A0C1245626100D62946 /* AnimaSceneX3DIndexedLineSet.h */,
				60CB0A0D1245626100D62946 /* AnimaSceneX3DIndexedTriangleSet.h */,
				60CB0A0E1245626100D62946 /* AnimaSceneX3DInfoNode.h */,
				60CB0A0F1245626100D62946 /* AnimaSceneX3DLayer.h */,
				60CB0A101245626100D62946 /* AnimaSceneX3DLayerNode.h */,
				60CB0A111245626100D62946 /* AnimaSceneX3DLayerSet.h */,
				60CB0A121245626100D62946 /* AnimaSceneX3DLineProperties.h */,
				60CB0A131245626100D62946 /* AnimaSceneX3DMaterial.h */,
				60CB0A141245626100D62946 /* AnimaSceneX3DMaterialNode.h */,
				60CB0A151245626100D62946 /* AnimaSceneX3DMetadataObject.h */,
				60CB0A161245626100D62946 /* AnimaSceneX3DNetworkSensorNode.h */,
				60CB0A171245626100D62946 /* AnimaSceneX3DNode.h */,
				60CB0A181245626100D62946 /* AnimaSceneX3DNormalNode.h */,
				60CB0A191245626100D62946 /* AnimaSceneX3DPrototypeInstance.h */,
				60CB0A1A1245626100D62946 /* AnimaSceneX3DSensorNode.h */,
				60CB0A1B1245626100D62946 /* AnimaSceneX3DShaderNode.h */,
				60CB0A1C1245626100D62946 /* AnimaSceneX3DShape.h */,
				60CB0A1D1245626100D62946 /* AnimaSceneX3DShapeNode.h */,
				60CB0A1E1245626100D62946 /* AnimaSceneX3DTextureCoordinateNode.h */,
				60CB0A1F1245626100D62946 /* AnimaSceneX3DTextureNode.h */,
				60CB0A201245626100D62946 /* AnimaSceneX3DTextureTransformNode.h */,
				60CB0A211245626100D62946 /* AnimaSceneX3DTransform.h */,
				60CB0A221245626100D62946 /* AnimaSceneX3DTriangleSet.h */,
				60CB0A231245626100D62946 /* AnimaSceneX3DTwoSidedMaterial.h */,
				60CB0A241245626100D62946 /* AnimaSceneX3DTypedefs.h */,
				60CB0A251245626100D62946 /* AnimaSceneX3DUrlObject.h */,
				60CB0A261245626100D62946 /* AnimaSceneX3DVertexAttributeNode.h */,
				60CB0A271245626100D62946 /* AnimaSceneX3DViewport.h */,
				60CB0A281245626100D62946 /* AnimaSceneX3DViewportNode.h */,
			);
			name = include;
			sourceTree = "<group>";
		};
		609F341E11C3F48000B723ED /* Products */ = {
			isa = PBXGroup;
			children = (
				600D825311C3F64E0029C527 /* libAnimaScene_d.a */,
			);
			name = Products;
			sourceTree = "<group>";
		};
/* End PBXGroup section */

/* Begin PBXHeadersBuildPhase section */
		600D824F11C3F64E0029C527 /* Headers */ = {
			isa = PBXHeadersBuildPhase;
			buildActionMask = 2147483647;
			files = (
				60CB0A291245626100D62946 /* AnimaSceneColor.h in Headers */,
				60CB0A2A1245626100D62946 /* AnimaSceneColorRGBA.h in Headers */,
				60CB0A2B1245626100D62946 /* AnimaSceneFactory.h in Headers */,
				60CB0A2C1245626100D62946 /* AnimaSceneFactoryX3D.h in Headers */,
				60CB0A2D1245626100D62946 /* AnimaSceneGraph.h in Headers */,
				60CB0A2E1245626100D62946 /* AnimaSceneGraphX3D.h in Headers */,
				60CB0A2F1245626100D62946 /* AnimaSceneIndexedTriangleSet.h in Headers */,
				60CB0A301245626100D62946 /* AnimaSceneNode.h in Headers */,
				60CB0A311245626100D62946 /* AnimaSceneTransformNode.h in Headers */,
				60CB0A321245626100D62946 /* AnimaSceneTypedefs.h in Headers */,
				60CB0A331245626100D62946 /* AnimaSceneX3DAppearance.h in Headers */,
				60CB0A341245626100D62946 /* AnimaSceneX3DAppearanceChildNode.h in Headers */,
				60CB0A351245626100D62946 /* AnimaSceneX3DAppearanceNode.h in Headers */,
				60CB0A361245626100D62946 /* AnimaSceneX3DBindableNode.h in Headers */,
				60CB0A371245626100D62946 /* AnimaSceneX3DBoundedObject.h in Headers */,
				60CB0A381245626100D62946 /* AnimaSceneX3DChildNode.h in Headers */,
				60CB0A391245626100D62946 /* AnimaSceneX3DClipPlane.h in Headers */,
				60CB0A3A1245626100D62946 /* AnimaSceneX3DColorNode.h in Headers */,
				60CB0A3B1245626100D62946 /* AnimaSceneX3DComposedGeometryNode.h in Headers */,
				60CB0A3C1245626100D62946 /* AnimaSceneX3DCoordinate.h in Headers */,
				60CB0A3D1245626100D62946 /* AnimaSceneX3DCoordinateNode.h in Headers */,
				60CB0A3E1245626100D62946 /* AnimaSceneX3DFillProperties.h in Headers */,
				60CB0A3F1245626100D62946 /* AnimaSceneX3DGeometricPropertyNode.h in Headers */,
				60CB0A401245626100D62946 /* AnimaSceneX3DGeometryNode.h in Headers */,
				60CB0A411245626100D62946 /* AnimaSceneX3DGroupingNode.h in Headers */,
				60CB0A421245626100D62946 /* AnimaSceneX3DIndexedLineSet.h in Headers */,
				60CB0A431245626100D62946 /* AnimaSceneX3DIndexedTriangleSet.h in Headers */,
				60CB0A441245626100D62946 /* AnimaSceneX3DInfoNode.h in Headers */,
				60CB0A451245626100D62946 /* AnimaSceneX3DLayer.h in Headers */,
				60CB0A461245626100D62946 /* AnimaSceneX3DLayerNode.h in Headers */,
				60CB0A471245626100D62946 /* AnimaSceneX3DLayerSet.h in Headers */,
				60CB0A481245626100D62946 /* AnimaSceneX3DLineProperties.h in Headers */,
				60CB0A491245626100D62946 /* AnimaSceneX3DMaterial.h in Headers */,
				60CB0A4A1245626100D62946 /* AnimaSceneX3DMaterialNode.h in Headers */,
				60CB0A4B1245626100D62946 /* AnimaSceneX3DMetadataObject.h in Headers */,
				60CB0A4C1245626100D62946 /* AnimaSceneX3DNetworkSensorNode.h in Headers */,
				60CB0A4D1245626100D62946 /* AnimaSceneX3DNode.h in Headers */,
				60CB0A4E1245626100D62946 /* AnimaSceneX3DNormalNode.h in Headers */,
				60CB0A4F1245626100D62946 /* AnimaSceneX3DPrototypeInstance.h in Headers */,
				60CB0A501245626100D62946 /* AnimaSceneX3DSensorNode.h in Headers */,
				60CB0A511245626100D62946 /* AnimaSceneX3DShaderNode.h in Headers */,
				60CB0A521245626100D62946 /* AnimaSceneX3DShape.h in Headers */,
				60CB0A531245626100D62946 /* AnimaSceneX3DShapeNode.h in Headers */,
				60CB0A541245626100D62946 /* AnimaSceneX3DTextureCoordinateNode.h in Headers */,
				60CB0A551245626100D62946 /* AnimaSceneX3DTextureNode.h in Headers */,
				60CB0A561245626100D62946 /* AnimaSceneX3DTextureTransformNode.h in Headers */,
				60CB0A571245626100D62946 /* AnimaSceneX3DTransform.h in Headers */,
				60CB0A581245626100D62946 /* AnimaSceneX3DTriangleSet.h in Headers */,
				60CB0A591245626100D62946 /* AnimaSceneX3DTwoSidedMaterial.h in Headers */,
				60CB0A5A1245626100D62946 /* AnimaSceneX3DTypedefs.h in Headers */,
				60CB0A5B1245626100D62946 /* AnimaSceneX3DUrlObject.h in Headers */,
				60CB0A5C1245626100D62946 /* AnimaSceneX3DVertexAttributeNode.h in Headers */,
				60CB0A5D1245626100D62946 /* AnimaSceneX3DViewport.h in Headers */,
				60CB0A5E1245626100D62946 /* AnimaSceneX3DViewportNode.h in Headers */,
			);
			runOnlyForDeploymentPostprocessing = 0;
		};
/* End PBXHeadersBuildPhase section */

/* Begin PBXNativeTarget section */
		600D825211C3F64E0029C527 /* AnimaScene */ = {
			isa = PBXNativeTarget;
			buildConfigurationList = 600D825611C3F66D0029C527 /* Build configuration list for PBXNativeTarget "AnimaScene" */;
			buildPhases = (
				600D824F11C3F64E0029C527 /* Headers */,
				600D825011C3F64E0029C527 /* Sources */,
				600D825111C3F64E0029C527 /* Frameworks */,
			);
			buildRules = (
			);
			dependencies = (
			);
			name = AnimaScene;
			productName = AnimaAI;
			productReference = 600D825311C3F64E0029C527 /* libAnimaScene_d.a */;
			productType = "com.apple.product-type.library.static";
		};
/* End PBXNativeTarget section */

/* Begin PBXProject section */
		08FB7793FE84155DC02AAC07 /* Project object */ = {
			isa = PBXProject;
			attributes = {
				ORGANIZATIONNAME = GameDev;
			};
			buildConfigurationList = 1DEB923508733DC60010E9CD /* Build configuration list for PBXProject "AnimaScene" */;
			compatibilityVersion = "Xcode 3.1";
			hasScannedForEncodings = 1;
			mainGroup = 08FB7794FE84155DC02AAC07 /* OgreProject */;
			productRefGroup = 609F341E11C3F48000B723ED /* Products */;
			projectDirPath = "";
			projectRoot = "";
			targets = (
				600D825211C3F64E0029C527 /* AnimaScene */,
			);
		};
/* End PBXProject section */

/* Begin PBXSourcesBuildPhase section */
		600D825011C3F64E0029C527 /* Sources */ = {
			isa = PBXSourcesBuildPhase;
			buildActionMask = 2147483647;
			files = (
				60CB09F11245624400D62946 /* AnimaSceneFactoryX3D.cpp in Sources */,
				60CB09F21245624400D62946 /* AnimaSceneGraph.cpp in Sources */,
			);
			runOnlyForDeploymentPostprocessing = 0;
		};
/* End PBXSourcesBuildPhase section */

/* Begin XCBuildConfiguration section */
		1DEB923608733DC60010E9CD /* Debug */ = {
			isa = XCBuildConfiguration;
			buildSettings = {
				ARCHS = "$(ARCHS_STANDARD_32_BIT)";
				COPY_PHASE_STRIP = NO;
				FRAMEWORK_SEARCH_PATHS = "";
				GCC_C_LANGUAGE_STANDARD = "compiler-default";
				GCC_OPTIMIZATION_LEVEL = 0;
				GCC_PREPROCESSOR_DEFINITIONS = DEBUG;
				GCC_WARN_ABOUT_RETURN_TYPE = NO;
				GCC_WARN_UNUSED_VARIABLE = NO;
				HEADER_SEARCH_PATHS = "";
				INFOPLIST_EXPAND_BUILD_SETTINGS = NO;
				LIBRARY_SEARCH_PATHS = "";
				LINK_WITH_STANDARD_LIBRARIES = YES;
				ONLY_ACTIVE_ARCH = NO;
				PREBINDING = YES;
				SDKROOT = macosx10.6;
				USER_HEADER_SEARCH_PATHS = "";
				VALID_ARCHS = i386;
			};
			name = Debug;
		};
		1DEB923708733DC60010E9CD /* Release */ = {
			isa = XCBuildConfiguration;
			buildSettings = {
				ARCHS = "$(ARCHS_STANDARD_32_BIT)";
				FRAMEWORK_SEARCH_PATHS = "";
				GCC_C_LANGUAGE_STANDARD = "compiler-default";
				GCC_WARN_ABOUT_RETURN_TYPE = YES;
				GCC_WARN_UNUSED_VARIABLE = YES;
				HEADER_SEARCH_PATHS = "";
				INFOPLIST_EXPAND_BUILD_SETTINGS = NO;
				LIBRARY_SEARCH_PATHS = "";
				LINK_WITH_STANDARD_LIBRARIES = YES;
				ONLY_ACTIVE_ARCH = NO;
				PREBINDING = YES;
				SDKROOT = macosx10.6;
				USER_HEADER_SEARCH_PATHS = "";
				VALID_ARCHS = i386;
			};
			name = Release;
		};
		600D825411C3F64F0029C527 /* Debug */ = {
			isa = XCBuildConfiguration;
			buildSettings = {
				ALWAYS_SEARCH_USER_PATHS = NO;
				COPY_PHASE_STRIP = NO;
				GCC_DYNAMIC_NO_PIC = NO;
				GCC_ENABLE_FIX_AND_CONTINUE = YES;
				GCC_MODEL_TUNING = G5;
				GCC_OPTIMIZATION_LEVEL = 0;
				GCC_PRECOMPILE_PREFIX_HEADER = YES;
				GCC_PREFIX_HEADER = "";
				HEADER_SEARCH_PATHS = "";
				INSTALL_PATH = /usr/local/lib;
				LIBRARY_SEARCH_PATHS = "";
				OTHER_LDFLAGS = "";
				PREBINDING = NO;
				PRODUCT_NAME = AnimaScene_d;
			};
			name = Debug;
		};
		600D825511C3F64F0029C527 /* Release */ = {
			isa = XCBuildConfiguration;
			buildSettings = {
				ALWAYS_SEARCH_USER_PATHS = NO;
				COPY_PHASE_STRIP = YES;
				DEBUG_INFORMATION_FORMAT = "dwarf-with-dsym";
				GCC_ENABLE_FIX_AND_CONTINUE = NO;
				GCC_MODEL_TUNING = G5;
				GCC_PRECOMPILE_PREFIX_HEADER = YES;
				GCC_PREFIX_HEADER = "";
				HEADER_SEARCH_PATHS = "";
				INSTALL_PATH = /usr/local/lib;
				LIBRARY_SEARCH_PATHS = "";
				OTHER_LDFLAGS = "";
				PREBINDING = NO;
				PRODUCT_NAME = AnimaScene;
				ZERO_LINK = NO;
			};
			name = Release;
		};
/* End XCBuildConfiguration section */

/* Begin XCConfigurationList section */
		1DEB923508733DC60010E9CD /* Build configuration list for PBXProject "AnimaScene" */ = {
			isa = XCConfigurationList;
			buildConfigurations = (
				1DEB923608733DC60010E9CD /* Debug */,
				1DEB923708733DC60010E9CD /* Release */,
			);
			defaultConfigurationIsVisible = 0;
			defaultConfigurationName = Release;
		};
		600D825611C3F66D0029C527 /* Build configuration list for PBXNativeTarget "AnimaScene" */ = {
			isa = XCConfigurationList;
			buildConfigurations = (
				600D825411C3F64F0029C527 /* Debug */,
				600D825511C3F64F0029C527 /* Release */,
			);
			defaultConfigurationIsVisible = 0;
			defaultConfigurationName = Release;
		};
/* End XCConfigurationList section */
	};
	rootObject = 08FB7793FE84155DC02AAC07 /* Project object */;
}
