
Microsoft Visual Studio Solution File, Format Version 12.00
# Visual Studio 2013
VisualStudioVersion = 12.0.30501.0
MinimumVisualStudioVersion = 10.0.40219.1
Project("{8BC9CEB8-8B4A-11D0-8D11-00A0C91BC942}") = "AnimaOS", "AnimaOS.vcxproj", "{0A55C928-C7D6-4950-B934-5F8E7B56F816}"
EndProject
Project("{8BC9CEB8-8B4A-11D0-8D11-00A0C91BC942}") = "AnimaAI", "AnimaAI.vcxproj", "{22B10265-7C7A-4683-85CB-D4D94C4FD5E2}"
EndProject
Project("{8BC9CEB8-8B4A-11D0-8D11-00A0C91BC942}") = "AnimaMVC", "AnimaMVC.vcxproj", "{A302F1A4-FC3D-45CA-8C13-57534E1E044C}"
EndProject
Project("{8BC9CEB8-8B4A-11D0-8D11-00A0C91BC942}") = "AnimaGraphics", "AnimaGraphics.vcxproj", "{006808A9-29DA-4C65-B001-CCB86BDB9C83}"
EndProject
Project("{8BC9CEB8-8B4A-11D0-8D11-00A0C91BC942}") = "AnimaScene", "AnimaScene.vcxproj", "{0570647A-8795-4570-A998-7F716ECE61C3}"
EndProject
Project("{8BC9CEB8-8B4A-11D0-8D11-00A0C91BC942}") = "AnimaXML", "AnimaXML.vcxproj", "{BB2B0FE3-51E2-474E-8E1A-B21F5169D3C4}"
EndProject
Project("{8BC9CEB8-8B4A-11D0-8D11-00A0C91BC942}") = "AnimaMVCTest", "AnimaMVCTest\AnimaMVCTest.vcxproj", "{B22A479B-57F1-4448-8A3E-20A9456EC244}"
EndProject
Project("{8BC9CEB8-8B4A-11D0-8D11-00A0C91BC942}") = "AnimaMVCTest_WithSceneGraph", "AnimaMVCTest_WithSceneGraph\AnimaMVCTest_WithSceneGraph.vcxproj", "{F36C8F0F-FCFC-4300-B6E8-CB90F5F0481F}"
EndProject
Project("{8BC9CEB8-8B4A-11D0-8D11-00A0C91BC942}") = "AnimaOSWin", "AnimaOSWin\AnimaOSWin.vcxproj", "{BB1CE8DB-75B6-4B15-A4A5-6EFC6D48B09B}"
EndProject
Project("{8BC9CEB8-8B4A-11D0-8D11-00A0C91BC942}") = "AnimaTestSuite", "AnimaTestSuite\AnimaTestSuite.vcxproj", "{6FBF7594-03A8-4400-BD36-3F102FC42614}"
EndProject
Project("{8BC9CEB8-8B4A-11D0-8D11-00A0C91BC942}") = "AnimaMath", "AnimaMath.vcxproj", "{CC00C515-0075-4714-AA56-077408F709B3}"
EndProject
Project("{8BC9CEB8-8B4A-11D0-8D11-00A0C91BC942}") = "AnimaBase", "AnimaBase.vcxproj", "{78FB361B-71F0-419F-8066-E39FEB87C387}"
EndProject
Project("{8BC9CEB8-8B4A-11D0-8D11-00A0C91BC942}") = "AnimaGraphicsDevice", "AnimaGraphicsDevice.vcxproj", "{7ECFCF1B-73A3-4685-8D4A-DC96A6A7DDB8}"
EndProject
Project("{8BC9CEB8-8B4A-11D0-8D11-00A0C91BC942}") = "AnimaGraphicsDeviceGL15", "AnimaGraphicsDeviceGL15.vcxproj", "{884207E1-63BE-45FD-97C0-6C1A214EB2BD}"
EndProject
Global
	GlobalSection(SolutionConfigurationPlatforms) = preSolution
		Debug|Win32 = Debug|Win32
		Debug|x64 = Debug|x64
		Release|Win32 = Release|Win32
		Release|x64 = Release|x64
	EndGlobalSection
	GlobalSection(ProjectConfigurationPlatforms) = postSolution
		{0A55C928-C7D6-4950-B934-5F8E7B56F816}.Debug|Win32.ActiveCfg = Debug|Win32
		{0A55C928-C7D6-4950-B934-5F8E7B56F816}.Debug|Win32.Build.0 = Debug|Win32
		{0A55C928-C7D6-4950-B934-5F8E7B56F816}.Debug|x64.ActiveCfg = Debug|x64
		{0A55C928-C7D6-4950-B934-5F8E7B56F816}.Debug|x64.Build.0 = Debug|x64
		{0A55C928-C7D6-4950-B934-5F8E7B56F816}.Release|Win32.ActiveCfg = Release|Win32
		{0A55C928-C7D6-4950-B934-5F8E7B56F816}.Release|Win32.Build.0 = Release|Win32
		{0A55C928-C7D6-4950-B934-5F8E7B56F816}.Release|x64.ActiveCfg = Release|x64
		{0A55C928-C7D6-4950-B934-5F8E7B56F816}.Release|x64.Build.0 = Release|x64
		{22B10265-7C7A-4683-85CB-D4D94C4FD5E2}.Debug|Win32.ActiveCfg = Debug|Win32
		{22B10265-7C7A-4683-85CB-D4D94C4FD5E2}.Debug|Win32.Build.0 = Debug|Win32
		{22B10265-7C7A-4683-85CB-D4D94C4FD5E2}.Debug|x64.ActiveCfg = Debug|x64
		{22B10265-7C7A-4683-85CB-D4D94C4FD5E2}.Debug|x64.Build.0 = Debug|x64
		{22B10265-7C7A-4683-85CB-D4D94C4FD5E2}.Release|Win32.ActiveCfg = Release|Win32
		{22B10265-7C7A-4683-85CB-D4D94C4FD5E2}.Release|Win32.Build.0 = Release|Win32
		{22B10265-7C7A-4683-85CB-D4D94C4FD5E2}.Release|x64.ActiveCfg = Release|x64
		{22B10265-7C7A-4683-85CB-D4D94C4FD5E2}.Release|x64.Build.0 = Release|x64
		{A302F1A4-FC3D-45CA-8C13-57534E1E044C}.Debug|Win32.ActiveCfg = Debug|Win32
		{A302F1A4-FC3D-45CA-8C13-57534E1E044C}.Debug|Win32.Build.0 = Debug|Win32
		{A302F1A4-FC3D-45CA-8C13-57534E1E044C}.Debug|x64.ActiveCfg = Debug|x64
		{A302F1A4-FC3D-45CA-8C13-57534E1E044C}.Debug|x64.Build.0 = Debug|x64
		{A302F1A4-FC3D-45CA-8C13-57534E1E044C}.Release|Win32.ActiveCfg = Release|Win32
		{A302F1A4-FC3D-45CA-8C13-57534E1E044C}.Release|Win32.Build.0 = Release|Win32
		{A302F1A4-FC3D-45CA-8C13-57534E1E044C}.Release|x64.ActiveCfg = Release|x64
		{A302F1A4-FC3D-45CA-8C13-57534E1E044C}.Release|x64.Build.0 = Release|x64
		{006808A9-29DA-4C65-B001-CCB86BDB9C83}.Debug|Win32.ActiveCfg = Debug|Win32
		{006808A9-29DA-4C65-B001-CCB86BDB9C83}.Debug|Win32.Build.0 = Debug|Win32
		{006808A9-29DA-4C65-B001-CCB86BDB9C83}.Debug|x64.ActiveCfg = Debug|x64
		{006808A9-29DA-4C65-B001-CCB86BDB9C83}.Debug|x64.Build.0 = Debug|x64
		{006808A9-29DA-4C65-B001-CCB86BDB9C83}.Release|Win32.ActiveCfg = Release|Win32
		{006808A9-29DA-4C65-B001-CCB86BDB9C83}.Release|Win32.Build.0 = Release|Win32
		{006808A9-29DA-4C65-B001-CCB86BDB9C83}.Release|x64.ActiveCfg = Release|x64
		{006808A9-29DA-4C65-B001-CCB86BDB9C83}.Release|x64.Build.0 = Release|x64
		{0570647A-8795-4570-A998-7F716ECE61C3}.Debug|Win32.ActiveCfg = Debug|Win32
		{0570647A-8795-4570-A998-7F716ECE61C3}.Debug|Win32.Build.0 = Debug|Win32
		{0570647A-8795-4570-A998-7F716ECE61C3}.Debug|x64.ActiveCfg = Debug|x64
		{0570647A-8795-4570-A998-7F716ECE61C3}.Debug|x64.Build.0 = Debug|x64
		{0570647A-8795-4570-A998-7F716ECE61C3}.Release|Win32.ActiveCfg = Release|Win32
		{0570647A-8795-4570-A998-7F716ECE61C3}.Release|Win32.Build.0 = Release|Win32
		{0570647A-8795-4570-A998-7F716ECE61C3}.Release|x64.ActiveCfg = Release|x64
		{0570647A-8795-4570-A998-7F716ECE61C3}.Release|x64.Build.0 = Release|x64
		{BB2B0FE3-51E2-474E-8E1A-B21F5169D3C4}.Debug|Win32.ActiveCfg = Debug|Win32
		{BB2B0FE3-51E2-474E-8E1A-B21F5169D3C4}.Debug|Win32.Build.0 = Debug|Win32
		{BB2B0FE3-51E2-474E-8E1A-B21F5169D3C4}.Debug|x64.ActiveCfg = Debug|x64
		{BB2B0FE3-51E2-474E-8E1A-B21F5169D3C4}.Debug|x64.Build.0 = Debug|x64
		{BB2B0FE3-51E2-474E-8E1A-B21F5169D3C4}.Release|Win32.ActiveCfg = Release|Win32
		{BB2B0FE3-51E2-474E-8E1A-B21F5169D3C4}.Release|Win32.Build.0 = Release|Win32
		{BB2B0FE3-51E2-474E-8E1A-B21F5169D3C4}.Release|x64.ActiveCfg = Release|x64
		{BB2B0FE3-51E2-474E-8E1A-B21F5169D3C4}.Release|x64.Build.0 = Release|x64
		{B22A479B-57F1-4448-8A3E-20A9456EC244}.Debug|Win32.ActiveCfg = Debug|Win32
		{B22A479B-57F1-4448-8A3E-20A9456EC244}.Debug|Win32.Build.0 = Debug|Win32
		{B22A479B-57F1-4448-8A3E-20A9456EC244}.Debug|x64.ActiveCfg = Debug|x64
		{B22A479B-57F1-4448-8A3E-20A9456EC244}.Debug|x64.Build.0 = Debug|x64
		{B22A479B-57F1-4448-8A3E-20A9456EC244}.Release|Win32.ActiveCfg = Release|Win32
		{B22A479B-57F1-4448-8A3E-20A9456EC244}.Release|Win32.Build.0 = Release|Win32
		{B22A479B-57F1-4448-8A3E-20A9456EC244}.Release|x64.ActiveCfg = Release|x64
		{B22A479B-57F1-4448-8A3E-20A9456EC244}.Release|x64.Build.0 = Release|x64
		{F36C8F0F-FCFC-4300-B6E8-CB90F5F0481F}.Debug|Win32.ActiveCfg = Debug|Win32
		{F36C8F0F-FCFC-4300-B6E8-CB90F5F0481F}.Debug|Win32.Build.0 = Debug|Win32
		{F36C8F0F-FCFC-4300-B6E8-CB90F5F0481F}.Debug|x64.ActiveCfg = Debug|x64
		{F36C8F0F-FCFC-4300-B6E8-CB90F5F0481F}.Debug|x64.Build.0 = Debug|x64
		{F36C8F0F-FCFC-4300-B6E8-CB90F5F0481F}.Release|Win32.ActiveCfg = Release|Win32
		{F36C8F0F-FCFC-4300-B6E8-CB90F5F0481F}.Release|Win32.Build.0 = Release|Win32
		{F36C8F0F-FCFC-4300-B6E8-CB90F5F0481F}.Release|x64.ActiveCfg = Release|x64
		{F36C8F0F-FCFC-4300-B6E8-CB90F5F0481F}.Release|x64.Build.0 = Release|x64
		{BB1CE8DB-75B6-4B15-A4A5-6EFC6D48B09B}.Debug|Win32.ActiveCfg = Debug|Win32
		{BB1CE8DB-75B6-4B15-A4A5-6EFC6D48B09B}.Debug|Win32.Build.0 = Debug|Win32
		{BB1CE8DB-75B6-4B15-A4A5-6EFC6D48B09B}.Debug|x64.ActiveCfg = Debug|x64
		{BB1CE8DB-75B6-4B15-A4A5-6EFC6D48B09B}.Debug|x64.Build.0 = Debug|x64
		{BB1CE8DB-75B6-4B15-A4A5-6EFC6D48B09B}.Release|Win32.ActiveCfg = Release|Win32
		{BB1CE8DB-75B6-4B15-A4A5-6EFC6D48B09B}.Release|Win32.Build.0 = Release|Win32
		{BB1CE8DB-75B6-4B15-A4A5-6EFC6D48B09B}.Release|x64.ActiveCfg = Release|x64
		{BB1CE8DB-75B6-4B15-A4A5-6EFC6D48B09B}.Release|x64.Build.0 = Release|x64
		{6FBF7594-03A8-4400-BD36-3F102FC42614}.Debug|Win32.ActiveCfg = Debug|Win32
		{6FBF7594-03A8-4400-BD36-3F102FC42614}.Debug|Win32.Build.0 = Debug|Win32
		{6FBF7594-03A8-4400-BD36-3F102FC42614}.Debug|x64.ActiveCfg = Debug|Win32
		{6FBF7594-03A8-4400-BD36-3F102FC42614}.Release|Win32.ActiveCfg = Release|Win32
		{6FBF7594-03A8-4400-BD36-3F102FC42614}.Release|Win32.Build.0 = Release|Win32
		{6FBF7594-03A8-4400-BD36-3F102FC42614}.Release|x64.ActiveCfg = Release|Win32
		{CC00C515-0075-4714-AA56-077408F709B3}.Debug|Win32.ActiveCfg = Debug|Win32
		{CC00C515-0075-4714-AA56-077408F709B3}.Debug|Win32.Build.0 = Debug|Win32
		{CC00C515-0075-4714-AA56-077408F709B3}.Debug|x64.ActiveCfg = Debug|Win32
		{CC00C515-0075-4714-AA56-077408F709B3}.Release|Win32.ActiveCfg = Release|Win32
		{CC00C515-0075-4714-AA56-077408F709B3}.Release|Win32.Build.0 = Release|Win32
		{CC00C515-0075-4714-AA56-077408F709B3}.Release|x64.ActiveCfg = Release|Win32
		{78FB361B-71F0-419F-8066-E39FEB87C387}.Debug|Win32.ActiveCfg = Debug|Win32
		{78FB361B-71F0-419F-8066-E39FEB87C387}.Debug|Win32.Build.0 = Debug|Win32
		{78FB361B-71F0-419F-8066-E39FEB87C387}.Debug|x64.ActiveCfg = Debug|Win32
		{78FB361B-71F0-419F-8066-E39FEB87C387}.Release|Win32.ActiveCfg = Release|Win32
		{78FB361B-71F0-419F-8066-E39FEB87C387}.Release|Win32.Build.0 = Release|Win32
		{78FB361B-71F0-419F-8066-E39FEB87C387}.Release|x64.ActiveCfg = Release|Win32
		{7ECFCF1B-73A3-4685-8D4A-DC96A6A7DDB8}.Debug|Win32.ActiveCfg = Debug|Win32
		{7ECFCF1B-73A3-4685-8D4A-DC96A6A7DDB8}.Debug|Win32.Build.0 = Debug|Win32
		{7ECFCF1B-73A3-4685-8D4A-DC96A6A7DDB8}.Debug|x64.ActiveCfg = Debug|x64
		{7ECFCF1B-73A3-4685-8D4A-DC96A6A7DDB8}.Debug|x64.Build.0 = Debug|x64
		{7ECFCF1B-73A3-4685-8D4A-DC96A6A7DDB8}.Release|Win32.ActiveCfg = Release|Win32
		{7ECFCF1B-73A3-4685-8D4A-DC96A6A7DDB8}.Release|Win32.Build.0 = Release|Win32
		{7ECFCF1B-73A3-4685-8D4A-DC96A6A7DDB8}.Release|x64.ActiveCfg = Release|x64
		{7ECFCF1B-73A3-4685-8D4A-DC96A6A7DDB8}.Release|x64.Build.0 = Release|x64
		{884207E1-63BE-45FD-97C0-6C1A214EB2BD}.Debug|Win32.ActiveCfg = Debug|Win32
		{884207E1-63BE-45FD-97C0-6C1A214EB2BD}.Debug|Win32.Build.0 = Debug|Win32
		{884207E1-63BE-45FD-97C0-6C1A214EB2BD}.Debug|x64.ActiveCfg = Debug|x64
		{884207E1-63BE-45FD-97C0-6C1A214EB2BD}.Debug|x64.Build.0 = Debug|x64
		{884207E1-63BE-45FD-97C0-6C1A214EB2BD}.Release|Win32.ActiveCfg = Release|Win32
		{884207E1-63BE-45FD-97C0-6C1A214EB2BD}.Release|Win32.Build.0 = Release|Win32
		{884207E1-63BE-45FD-97C0-6C1A214EB2BD}.Release|x64.ActiveCfg = Release|x64
		{884207E1-63BE-45FD-97C0-6C1A214EB2BD}.Release|x64.Build.0 = Release|x64
	EndGlobalSection
	GlobalSection(SolutionProperties) = preSolution
		HideSolutionNode = FALSE
	EndGlobalSection
EndGlobal
