<?xml version="1.0" encoding="utf-8"?>
<Project ToolsVersion="4.0" xmlns="http://schemas.microsoft.com/developer/msbuild/2003">
  <ItemGroup>
    <Filter Include="Header Files">
      <UniqueIdentifier>{d2119f4e-d807-4c92-88dc-23e7ea4b43c2}</UniqueIdentifier>
    </Filter>
    <Filter Include="Source Files">
      <UniqueIdentifier>{bf05fea6-b48c-4b56-96f7-e70f4b3d78ca}</UniqueIdentifier>
    </Filter>
  </ItemGroup>
  <ItemGroup>
    <ClInclude Include="..\..\Anima\Graphics\AnimaGraphicsDeviceColorBuffer.h">
      <Filter>Header Files</Filter>
    </ClInclude>
    <ClInclude Include="..\..\Anima\Graphics\AnimaGraphicsDeviceColorBufferDesc.h">
      <Filter>Header Files</Filter>
    </ClInclude>
    <ClInclude Include="..\..\Anima\Graphics\AnimaGraphicsDeviceContext.h">
      <Filter>Header Files</Filter>
    </ClInclude>
    <ClInclude Include="..\..\Anima\Graphics\AnimaGraphicsDeviceContextDesc.h">
      <Filter>Header Files</Filter>
    </ClInclude>
    <ClInclude Include="..\..\Anima\Graphics\AnimaGraphicsDeviceDriver.h">
      <Filter>Header Files</Filter>
    </ClInclude>
    <ClInclude Include="..\..\Anima\Graphics\AnimaGraphicsDeviceFrameBuffer.h">
      <Filter>Header Files</Filter>
    </ClInclude>
    <ClInclude Include="..\..\Anima\Graphics\AnimaGraphicsDeviceIndexBuffer.h">
      <Filter>Header Files</Filter>
    </ClInclude>
    <ClInclude Include="..\..\Anima\Graphics\AnimaGraphicsDeviceIndexBufferFactory.h">
      <Filter>Header Files</Filter>
    </ClInclude>
    <ClInclude Include="..\..\Anima\Graphics\AnimaGraphicsDeviceManager.h">
      <Filter>Header Files</Filter>
    </ClInclude>
    <ClInclude Include="..\..\Anima\Graphics\AnimaGraphicsDevicePipeline.h">
      <Filter>Header Files</Filter>
    </ClInclude>
    <ClInclude Include="..\..\Anima\Graphics\AnimaGraphicsDevicePipelineInputState.h">
      <Filter>Header Files</Filter>
    </ClInclude>
    <ClInclude Include="..\..\Anima\Graphics\AnimaGraphicsDevicePipelineRasterizerState.h">
      <Filter>Header Files</Filter>
    </ClInclude>
    <ClInclude Include="..\..\Anima\Graphics\AnimaGraphicsDevicePipelineStage.h">
      <Filter>Header Files</Filter>
    </ClInclude>
    <ClInclude Include="..\..\Anima\Graphics\AnimaGraphicsDevicePipelineStateGroup.h">
      <Filter>Header Files</Filter>
    </ClInclude>
    <ClInclude Include="..\..\Anima\Graphics\AnimaGraphicsDevicePixelBuffer.h">
      <Filter>Header Files</Filter>
    </ClInclude>
    <ClInclude Include="..\..\Anima\Graphics\AnimaGraphicsDevicePixelBufferDesc.h">
      <Filter>Header Files</Filter>
    </ClInclude>
    <ClInclude Include="..\..\Anima\Graphics\AnimaGraphicsDevicePixelBufferFactory.h">
      <Filter>Header Files</Filter>
    </ClInclude>
    <ClInclude Include="..\..\Anima\Graphics\AnimaGraphicsDeviceStage.h">
      <Filter>Header Files</Filter>
    </ClInclude>
    <ClInclude Include="..\..\Anima\Graphics\AnimaGraphicsDeviceStageClipping.h">
      <Filter>Header Files</Filter>
    </ClInclude>
    <ClInclude Include="..\..\Anima\Graphics\AnimaGraphicsDeviceStageClipping2d.h">
      <Filter>Header Files</Filter>
    </ClInclude>
    <ClInclude Include="..\..\Anima\Graphics\AnimaGraphicsDeviceStageInput2D.h">
      <Filter>Header Files</Filter>
    </ClInclude>
    <ClInclude Include="..\..\Anima\Graphics\AnimaGraphicsDeviceStagePixelOperations.h">
      <Filter>Header Files</Filter>
    </ClInclude>
    <ClInclude Include="..\..\Anima\Graphics\AnimaGraphicsDeviceStageRasterizer.h">
      <Filter>Header Files</Filter>
    </ClInclude>
    <ClInclude Include="..\..\Anima\Graphics\AnimaGraphicsDeviceStageTransformation2d.h">
      <Filter>Header Files</Filter>
    </ClInclude>
    <ClInclude Include="..\..\Anima\Graphics\AnimaGraphicsDeviceStateGroup.h">
      <Filter>Header Files</Filter>
    </ClInclude>
    <ClInclude Include="..\..\Anima\Graphics\AnimaGraphicsDeviceSubpipeline.h">
      <Filter>Header Files</Filter>
    </ClInclude>
    <ClInclude Include="..\..\Anima\Graphics\AnimaGraphicsDeviceSubpipeline2d.h">
      <Filter>Header Files</Filter>
    </ClInclude>
    <ClInclude Include="..\..\Anima\Graphics\AnimaGraphicsDeviceSubpipeline3d.h">
      <Filter>Header Files</Filter>
    </ClInclude>
    <ClInclude Include="..\..\Anima\Graphics\AnimaGraphicsDeviceSubpipelineRasterizer.h">
      <Filter>Header Files</Filter>
    </ClInclude>
    <ClInclude Include="..\..\Anima\Graphics\AnimaGraphicsDeviceTransformedColorBuffer.h">
      <Filter>Header Files</Filter>
    </ClInclude>
    <ClInclude Include="..\..\Anima\Graphics\AnimaGraphicsDeviceTransformedPixelBuffer.h">
      <Filter>Header Files</Filter>
    </ClInclude>
    <ClInclude Include="..\..\Anima\Graphics\AnimaGraphicsDeviceVertexBuffer.h">
      <Filter>Header Files</Filter>
    </ClInclude>
    <ClInclude Include="..\..\Anima\Graphics\AnimaGraphicsDeviceVertexBufferFactory.h">
      <Filter>Header Files</Filter>
    </ClInclude>
    <ClInclude Include="T:\anima-engine\Anima\include\AnimaGraphicsDeviceIndexBufferDesc.h">
      <Filter>Header Files</Filter>
    </ClInclude>
  </ItemGroup>
  <ItemGroup>
    <ClCompile Include="..\..\Anima\Graphics\AnimaGraphicsDeviceDriver.cpp">
      <Filter>Source Files</Filter>
    </ClCompile>
    <ClCompile Include="..\..\Anima\Graphics\AnimaGraphicsDeviceManager.cpp">
      <Filter>Source Files</Filter>
    </ClCompile>
    <ClCompile Include="..\..\Anima\Graphics\AnimaGraphicsDevicePipeline.cpp">
      <Filter>Source Files</Filter>
    </ClCompile>
    <ClCompile Include="..\..\Anima\Graphics\AnimaGraphicsDeviceSubpipeline.cpp">
      <Filter>Source Files</Filter>
    </ClCompile>
  </ItemGroup>
</Project>