// !$*UTF8*$!
{
	archiveVersion = 1;
	classes = {
	};
	objectVersion = 45;
	objects = {

/* Begin PBXBuildFile section */
		600E645D11C662F80043D053 /* AnimaOSManager.h in Headers */ = {isa = PBXBuildFile; fileRef = 600E645811C662F80043D053 /* AnimaOSManager.h */; };
		600E645E11C662F80043D053 /* AnimaOSManagerOSX.h in Headers */ = {isa = PBXBuildFile; fileRef = 600E645911C662F80043D053 /* AnimaOSManagerOSX.h */; };
		600E645F11C662F80043D053 /* AnimaOSWindow.h in Headers */ = {isa = PBXBuildFile; fileRef = 600E645A11C662F80043D053 /* AnimaOSWindow.h */; };
		600E646011C662F80043D053 /* AnimaOSWindowMetrics.h in Headers */ = {isa = PBXBuildFile; fileRef = 600E645B11C662F80043D053 /* AnimaOSWindowMetrics.h */; };
		600E646111C662F80043D053 /* AnimaOSWindowOSX.h in Headers */ = {isa = PBXBuildFile; fileRef = 600E645C11C662F80043D053 /* AnimaOSWindowOSX.h */; };
		600E646311C6630B0043D053 /* AnimaOSWindowOSX.cpp in Sources */ = {isa = PBXBuildFile; fileRef = 600E646211C6630B0043D053 /* AnimaOSWindowOSX.cpp */; };
		60A4972311D452E2004BFA8E /* Carbon.framework in Frameworks */ = {isa = PBXBuildFile; fileRef = 60A4972211D452E2004BFA8E /* Carbon.framework */; };
/* End PBXBuildFile section */

/* Begin PBXFileReference section */
		600D825311C3F64E0029C527 /* libAnimaOS_d.a */ = {isa = PBXFileReference; explicitFileType = archive.ar; includeInIndex = 0; path = libAnimaOS_d.a; sourceTree = BUILT_PRODUCTS_DIR; };
		600E645811C662F80043D053 /* AnimaOSManager.h */ = {isa = PBXFileReference; fileEncoding = 4; lastKnownFileType = sourcecode.c.h; name = AnimaOSManager.h; path = ../../Anima/include/AnimaOSManager.h; sourceTree = SOURCE_ROOT; };
		600E645911C662F80043D053 /* AnimaOSManagerOSX.h */ = {isa = PBXFileReference; fileEncoding = 4; lastKnownFileType = sourcecode.c.h; name = AnimaOSManagerOSX.h; path = ../../Anima/include/AnimaOSManagerOSX.h; sourceTree = SOURCE_ROOT; };
		600E645A11C662F80043D053 /* AnimaOSWindow.h */ = {isa = PBXFileReference; fileEncoding = 4; lastKnownFileType = sourcecode.c.h; name = AnimaOSWindow.h; path = ../../Anima/include/AnimaOSWindow.h; sourceTree = SOURCE_ROOT; };
		600E645B11C662F80043D053 /* AnimaOSWindowMetrics.h */ = {isa = PBXFileReference; fileEncoding = 4; lastKnownFileType = sourcecode.c.h; name = AnimaOSWindowMetrics.h; path = ../../Anima/include/AnimaOSWindowMetrics.h; sourceTree = SOURCE_ROOT; };
		600E645C11C662F80043D053 /* AnimaOSWindowOSX.h */ = {isa = PBXFileReference; fileEncoding = 4; lastKnownFileType = sourcecode.c.h; name = AnimaOSWindowOSX.h; path = ../../Anima/include/AnimaOSWindowOSX.h; sourceTree = SOURCE_ROOT; };
		600E646211C6630B0043D053 /* AnimaOSWindowOSX.cpp */ = {isa = PBXFileReference; fileEncoding = 4; lastKnownFileType = sourcecode.cpp.cpp; name = AnimaOSWindowOSX.cpp; path = ../../Anima/source/AnimaOSWindowOSX.cpp; sourceTree = SOURCE_ROOT; };
		60A4972211D452E2004BFA8E /* Carbon.framework */ = {isa = PBXFileReference; lastKnownFileType = wrapper.framework; name = Carbon.framework; path = System/Library/Frameworks/Carbon.framework; sourceTree = SDKROOT; };
/* End PBXFileReference section */

/* Begin PBXFrameworksBuildPhase section */
		600D825111C3F64E0029C527 /* Frameworks */ = {
			isa = PBXFrameworksBuildPhase;
			buildActionMask = 2147483647;
			files = (
				60A4972311D452E2004BFA8E /* Carbon.framework in Frameworks */,
			);
			runOnlyForDeploymentPostprocessing = 0;
		};
/* End PBXFrameworksBuildPhase section */

/* Begin PBXGroup section */
		08FB7794FE84155DC02AAC07 /* OgreProject */ = {
			isa = PBXGroup;
			children = (
				600D824B11C3F5CE0029C527 /* include */,
				600D824A11C3F5C10029C527 /* source */,
				609F341E11C3F48000B723ED /* Products */,
				60A4972211D452E2004BFA8E /* Carbon.framework */,
			);
			name = OgreProject;
			sourceTree = "<group>";
		};
		600D824A11C3F5C10029C527 /* source */ = {
			isa = PBXGroup;
			children = (
				600E646211C6630B0043D053 /* AnimaOSWindowOSX.cpp */,
			);
			name = source;
			sourceTree = "<group>";
		};
		600D824B11C3F5CE0029C527 /* include */ = {
			isa = PBXGroup;
			children = (
				600E645811C662F80043D053 /* AnimaOSManager.h */,
				600E645911C662F80043D053 /* AnimaOSManagerOSX.h */,
				600E645A11C662F80043D053 /* AnimaOSWindow.h */,
				600E645B11C662F80043D053 /* AnimaOSWindowMetrics.h */,
				600E645C11C662F80043D053 /* AnimaOSWindowOSX.h */,
			);
			name = include;
			sourceTree = "<group>";
		};
		609F341E11C3F48000B723ED /* Products */ = {
			isa = PBXGroup;
			children = (
				600D825311C3F64E0029C527 /* libAnimaOS_d.a */,
			);
			name = Products;
			sourceTree = "<group>";
		};
/* End PBXGroup section */

/* Begin PBXHeadersBuildPhase section */
		600D824F11C3F64E0029C527 /* Headers */ = {
			isa = PBXHeadersBuildPhase;
			buildActionMask = 2147483647;
			files = (
				600E645D11C662F80043D053 /* AnimaOSManager.h in Headers */,
				600E645E11C662F80043D053 /* AnimaOSManagerOSX.h in Headers */,
				600E645F11C662F80043D053 /* AnimaOSWindow.h in Headers */,
				600E646011C662F80043D053 /* AnimaOSWindowMetrics.h in Headers */,
				600E646111C662F80043D053 /* AnimaOSWindowOSX.h in Headers */,
			);
			runOnlyForDeploymentPostprocessing = 0;
		};
/* End PBXHeadersBuildPhase section */

/* Begin PBXNativeTarget section */
		600D825211C3F64E0029C527 /* AnimaOS */ = {
			isa = PBXNativeTarget;
			buildConfigurationList = 600D825611C3F66D0029C527 /* Build configuration list for PBXNativeTarget "AnimaOS" */;
			buildPhases = (
				600D824F11C3F64E0029C527 /* Headers */,
				600D825011C3F64E0029C527 /* Sources */,
				600D825111C3F64E0029C527 /* Frameworks */,
			);
			buildRules = (
			);
			dependencies = (
			);
			name = AnimaOS;
			productName = AnimaAI;
			productReference = 600D825311C3F64E0029C527 /* libAnimaOS_d.a */;
			productType = "com.apple.product-type.library.static";
		};
/* End PBXNativeTarget section */

/* Begin PBXProject section */
		08FB7793FE84155DC02AAC07 /* Project object */ = {
			isa = PBXProject;
			attributes = {
				ORGANIZATIONNAME = GameDev;
			};
			buildConfigurationList = 1DEB923508733DC60010E9CD /* Build configuration list for PBXProject "AnimaOS" */;
			compatibilityVersion = "Xcode 3.1";
			hasScannedForEncodings = 1;
			mainGroup = 08FB7794FE84155DC02AAC07 /* OgreProject */;
			productRefGroup = 609F341E11C3F48000B723ED /* Products */;
			projectDirPath = "";
			projectRoot = "";
			targets = (
				600D825211C3F64E0029C527 /* AnimaOS */,
			);
		};
/* End PBXProject section */

/* Begin PBXSourcesBuildPhase section */
		600D825011C3F64E0029C527 /* Sources */ = {
			isa = PBXSourcesBuildPhase;
			buildActionMask = 2147483647;
			files = (
				600E646311C6630B0043D053 /* AnimaOSWindowOSX.cpp in Sources */,
			);
			runOnlyForDeploymentPostprocessing = 0;
		};
/* End PBXSourcesBuildPhase section */

/* Begin XCBuildConfiguration section */
		1DEB923608733DC60010E9CD /* Debug */ = {
			isa = XCBuildConfiguration;
			buildSettings = {
				ARCHS = "$(ARCHS_STANDARD_32_BIT)";
				COPY_PHASE_STRIP = NO;
				FRAMEWORK_SEARCH_PATHS = "";
				GCC_C_LANGUAGE_STANDARD = "compiler-default";
				GCC_OPTIMIZATION_LEVEL = 0;
				GCC_PREPROCESSOR_DEFINITIONS = DEBUG;
				GCC_WARN_ABOUT_RETURN_TYPE = NO;
				GCC_WARN_UNUSED_VARIABLE = NO;
				HEADER_SEARCH_PATHS = "";
				INFOPLIST_EXPAND_BUILD_SETTINGS = NO;
				LIBRARY_SEARCH_PATHS = "";
				LINK_WITH_STANDARD_LIBRARIES = YES;
				ONLY_ACTIVE_ARCH = NO;
				PREBINDING = YES;
				SDKROOT = macosx10.6;
				USER_HEADER_SEARCH_PATHS = "";
				VALID_ARCHS = i386;
			};
			name = Debug;
		};
		1DEB923708733DC60010E9CD /* Release */ = {
			isa = XCBuildConfiguration;
			buildSettings = {
				ARCHS = "$(ARCHS_STANDARD_32_BIT)";
				FRAMEWORK_SEARCH_PATHS = "";
				GCC_C_LANGUAGE_STANDARD = "compiler-default";
				GCC_WARN_ABOUT_RETURN_TYPE = YES;
				GCC_WARN_UNUSED_VARIABLE = YES;
				HEADER_SEARCH_PATHS = "";
				INFOPLIST_EXPAND_BUILD_SETTINGS = NO;
				LIBRARY_SEARCH_PATHS = "";
				LINK_WITH_STANDARD_LIBRARIES = YES;
				ONLY_ACTIVE_ARCH = NO;
				PREBINDING = YES;
				SDKROOT = macosx10.6;
				USER_HEADER_SEARCH_PATHS = "";
				VALID_ARCHS = i386;
			};
			name = Release;
		};
		600D825411C3F64F0029C527 /* Debug */ = {
			isa = XCBuildConfiguration;
			buildSettings = {
				ALWAYS_SEARCH_USER_PATHS = NO;
				COPY_PHASE_STRIP = NO;
				GCC_DYNAMIC_NO_PIC = NO;
				GCC_ENABLE_FIX_AND_CONTINUE = YES;
				GCC_MODEL_TUNING = G5;
				GCC_OPTIMIZATION_LEVEL = 0;
				GCC_PRECOMPILE_PREFIX_HEADER = YES;
				GCC_PREFIX_HEADER = "";
				HEADER_SEARCH_PATHS = "";
				INSTALL_PATH = /usr/local/lib;
				LIBRARY_SEARCH_PATHS = "";
				OTHER_LDFLAGS = "";
				PREBINDING = NO;
				PRODUCT_NAME = AnimaOS_d;
			};
			name = Debug;
		};
		600D825511C3F64F0029C527 /* Release */ = {
			isa = XCBuildConfiguration;
			buildSettings = {
				ALWAYS_SEARCH_USER_PATHS = NO;
				COPY_PHASE_STRIP = YES;
				DEBUG_INFORMATION_FORMAT = "dwarf-with-dsym";
				GCC_ENABLE_FIX_AND_CONTINUE = NO;
				GCC_MODEL_TUNING = G5;
				GCC_PRECOMPILE_PREFIX_HEADER = YES;
				GCC_PREFIX_HEADER = "";
				HEADER_SEARCH_PATHS = "";
				INSTALL_PATH = /usr/local/lib;
				LIBRARY_SEARCH_PATHS = "";
				OTHER_LDFLAGS = "";
				PREBINDING = NO;
				PRODUCT_NAME = AnimaOS;
				ZERO_LINK = NO;
			};
			name = Release;
		};
/* End XCBuildConfiguration section */

/* Begin XCConfigurationList section */
		1DEB923508733DC60010E9CD /* Build configuration list for PBXProject "AnimaOS" */ = {
			isa = XCConfigurationList;
			buildConfigurations = (
				1DEB923608733DC60010E9CD /* Debug */,
				1DEB923708733DC60010E9CD /* Release */,
			);
			defaultConfigurationIsVisible = 0;
			defaultConfigurationName = Release;
		};
		600D825611C3F66D0029C527 /* Build configuration list for PBXNativeTarget "AnimaOS" */ = {
			isa = XCConfigurationList;
			buildConfigurations = (
				600D825411C3F64F0029C527 /* Debug */,
				600D825511C3F64F0029C527 /* Release */,
			);
			defaultConfigurationIsVisible = 0;
			defaultConfigurationName = Release;
		};
/* End XCConfigurationList section */
	};
	rootObject = 08FB7793FE84155DC02AAC07 /* Project object */;
}
