<?xml version="1.0" encoding="UTF-8" standalone="yes" ?>
<CodeBlocks_project_file>
	<FileVersion major="1" minor="6" />
	<Project>
		<Option title="AnimaGraphicsDevice" />
		<Option pch_mode="2" />
		<Option compiler="gcc" />
		<Build>
			<Target title="Debug">
				<Option output="../lib/libAnimaGraphicsDevice_d" prefix_auto="1" extension_auto="1" />
				<Option working_dir="" />
				<Option object_output="." />
				<Option type="2" />
				<Option compiler="gcc" />
				<Compiler>
					<Add option="-g" />
				</Compiler>
				<Linker>
					<Add library="../lib/libAnimaGraphics_d.a" />
					<Add library="../lib/libAnimaOSWindowManagerLinux_d.a" />
				</Linker>
			</Target>
			<Target title="Release">
				<Option output="libAnimaGraphicsDevice" prefix_auto="1" extension_auto="1" />
				<Option object_output="." />
				<Option type="1" />
				<Option compiler="gcc" />
				<Compiler>
					<Add option="-O2" />
				</Compiler>
				<Linker>
					<Add option="-s" />
				</Linker>
			</Target>
		</Build>
		<Compiler>
			<Add option="-Wall" />
		</Compiler>
		<Unit filename="../../../Anima/include/AnimaGraphicsDeviceContextGL1_5_Linux.h" />
		<Unit filename="../../../Anima/include/AnimaGraphicsDeviceDriverGL1_5.h" />
		<Unit filename="../../../Anima/include/AnimaGraphicsDeviceManagerGL1_5.h" />
		<Unit filename="../../../Anima/source/AnimaGraphicsDeviceContextGL1_5_Linux.cpp" />
		<Unit filename="../../../Anima/source/AnimaGraphicsDeviceDriverGL1_5.cpp" />
		<Unit filename="../../../Anima/source/AnimaGraphicsDeviceManagerGL1_5_Linux.cpp" />
		<Extensions>
			<code_completion />
			<debugger />
		</Extensions>
	</Project>
</CodeBlocks_project_file>
