
Microsoft Visual Studio Solution File, Format Version 10.00
# Visual Studio 2008
Project("{8BC9CEB8-8B4A-11D0-8D11-00A0C91BC942}") = "AnimaOS", "AnimaOS.vcproj", "{0A55C928-C7D6-4950-B934-5F8E7B56F816}"
	ProjectSection(ProjectDependencies) = postProject
		{006808A9-29DA-4C65-B001-CCB86BDB9C83} = {006808A9-29DA-4C65-B001-CCB86BDB9C83}
	EndProjectSection
EndProject
Project("{8BC9CEB8-8B4A-11D0-8D11-00A0C91BC942}") = "AnimaAI", "AnimaAI.vcproj", "{22B10265-7C7A-4683-85CB-D4D94C4FD5E2}"
EndProject
Project("{8BC9CEB8-8B4A-11D0-8D11-00A0C91BC942}") = "AnimaMVC", "AnimaMVC.vcproj", "{A302F1A4-FC3D-45CA-8C13-57534E1E044C}"
	ProjectSection(ProjectDependencies) = postProject
		{0A55C928-C7D6-4950-B934-5F8E7B56F816} = {0A55C928-C7D6-4950-B934-5F8E7B56F816}
		{006808A9-29DA-4C65-B001-CCB86BDB9C83} = {006808A9-29DA-4C65-B001-CCB86BDB9C83}
	EndProjectSection
EndProject
Project("{8BC9CEB8-8B4A-11D0-8D11-00A0C91BC942}") = "AnimaUnitTest", "AnimaOSTest\AnimaOSTest.vcproj", "{6FBF7594-03A8-4400-BD36-3F102FC42614}"
	ProjectSection(ProjectDependencies) = postProject
		{40304315-B338-4BE6-B805-255B24AB8304} = {40304315-B338-4BE6-B805-255B24AB8304}
		{0A55C928-C7D6-4950-B934-5F8E7B56F816} = {0A55C928-C7D6-4950-B934-5F8E7B56F816}
		{6D52AE31-6C1C-4097-A4B2-CBAA34800885} = {6D52AE31-6C1C-4097-A4B2-CBAA34800885}
		{41BAAC55-C734-46EC-B8E6-B58E61A06644} = {41BAAC55-C734-46EC-B8E6-B58E61A06644}
		{77C418B9-43A0-4A02-90C4-84647F909BC9} = {77C418B9-43A0-4A02-90C4-84647F909BC9}
		{CBF15AC5-266C-4B01-97C3-A0B21BC9A944} = {CBF15AC5-266C-4B01-97C3-A0B21BC9A944}
		{D657C5CC-92A6-40EA-A0D4-537ED2C1E850} = {D657C5CC-92A6-40EA-A0D4-537ED2C1E850}
		{E593E9D2-8CC8-40A9-8571-1408F3440716} = {E593E9D2-8CC8-40A9-8571-1408F3440716}
		{E5F79EF0-A136-4120-A32D-72F04829F162} = {E5F79EF0-A136-4120-A32D-72F04829F162}
	EndProjectSection
EndProject
Project("{8BC9CEB8-8B4A-11D0-8D11-00A0C91BC942}") = "AnimaGraphics", "AnimaGraphics.vcproj", "{006808A9-29DA-4C65-B001-CCB86BDB9C83}"
EndProject
Project("{8BC9CEB8-8B4A-11D0-8D11-00A0C91BC942}") = "AnimaScene", "AnimaScene.vcproj", "{0570647A-8795-4570-A998-7F716ECE61C3}"
EndProject
Project("{8BC9CEB8-8B4A-11D0-8D11-00A0C91BC942}") = "AnimaXML", "AnimaXML.vcproj", "{BB2B0FE3-51E2-474E-8E1A-B21F5169D3C4}"
EndProject
Project("{8BC9CEB8-8B4A-11D0-8D11-00A0C91BC942}") = "AnimaMVCTest", "AnimaMVCTest\AnimaMVCTest.vcproj", "{B22A479B-57F1-4448-8A3E-20A9456EC244}"
	ProjectSection(ProjectDependencies) = postProject
		{A302F1A4-FC3D-45CA-8C13-57534E1E044C} = {A302F1A4-FC3D-45CA-8C13-57534E1E044C}
	EndProjectSection
EndProject
Project("{8BC9CEB8-8B4A-11D0-8D11-00A0C91BC942}") = "AnimaMVCTest_WithSceneGraph", "AnimaMVCTest_WithSceneGraph\AnimaMVCTest_WithSceneGraph.vcproj", "{F36C8F0F-FCFC-4300-B6E8-CB90F5F0481F}"
	ProjectSection(ProjectDependencies) = postProject
		{0570647A-8795-4570-A998-7F716ECE61C3} = {0570647A-8795-4570-A998-7F716ECE61C3}
		{A302F1A4-FC3D-45CA-8C13-57534E1E044C} = {A302F1A4-FC3D-45CA-8C13-57534E1E044C}
		{006808A9-29DA-4C65-B001-CCB86BDB9C83} = {006808A9-29DA-4C65-B001-CCB86BDB9C83}
	EndProjectSection
EndProject
Project("{8BC9CEB8-8B4A-11D0-8D11-00A0C91BC942}") = "Lila", "Lila.vcproj", "{8107FDDB-8124-40FD-96FC-0852F0578B9C}"
	ProjectSection(ProjectDependencies) = postProject
		{0A55C928-C7D6-4950-B934-5F8E7B56F816} = {0A55C928-C7D6-4950-B934-5F8E7B56F816}
		{0570647A-8795-4570-A998-7F716ECE61C3} = {0570647A-8795-4570-A998-7F716ECE61C3}
		{006808A9-29DA-4C65-B001-CCB86BDB9C83} = {006808A9-29DA-4C65-B001-CCB86BDB9C83}
	EndProjectSection
EndProject
Project("{8BC9CEB8-8B4A-11D0-8D11-00A0C91BC942}") = "AnimaInput", "AnimaInput.vcproj", "{0EDADEAD-FB30-4DB3-9C6B-E504ED13656E}"
EndProject
Project("{8BC9CEB8-8B4A-11D0-8D11-00A0C91BC942}") = "AnimaGui", "AnimaGui.vcproj", "{230EC91F-AEA2-49CB-91EF-6A7D18282492}"
	ProjectSection(ProjectDependencies) = postProject
		{006808A9-29DA-4C65-B001-CCB86BDB9C83} = {006808A9-29DA-4C65-B001-CCB86BDB9C83}
		{BB2B0FE3-51E2-474E-8E1A-B21F5169D3C4} = {BB2B0FE3-51E2-474E-8E1A-B21F5169D3C4}
	EndProjectSection
EndProject
Project("{8BC9CEB8-8B4A-11D0-8D11-00A0C91BC942}") = "AnimaGraphicsDeviceManagerAllegro", "Plugins\AnimaGraphicsDeviceManagerAllegro.vcproj", "{29D8AC25-ED6C-4FEF-A743-D4DDBD30782C}"
	ProjectSection(ProjectDependencies) = postProject
		{47A71E2C-CB73-47C8-852E-06E63F35C05A} = {47A71E2C-CB73-47C8-852E-06E63F35C05A}
		{006808A9-29DA-4C65-B001-CCB86BDB9C83} = {006808A9-29DA-4C65-B001-CCB86BDB9C83}
	EndProjectSection
EndProject
Project("{8BC9CEB8-8B4A-11D0-8D11-00A0C91BC942}") = "AnimaGraphicsManagerOgre", "Plugins\AnimaGraphicsManagerOgre.vcproj", "{2FBA9450-0409-489B-8998-31D90B52D9E0}"
	ProjectSection(ProjectDependencies) = postProject
		{006808A9-29DA-4C65-B001-CCB86BDB9C83} = {006808A9-29DA-4C65-B001-CCB86BDB9C83}
	EndProjectSection
EndProject
Project("{8BC9CEB8-8B4A-11D0-8D11-00A0C91BC942}") = "AnimaOSWindowManagerAllegro", "Plugins\AnimaOSWindowManagerAllegro.vcproj", "{EEF1F45C-BE7C-4361-99AA-EC05DFCE3515}"
	ProjectSection(ProjectDependencies) = postProject
		{0A55C928-C7D6-4950-B934-5F8E7B56F816} = {0A55C928-C7D6-4950-B934-5F8E7B56F816}
		{47A71E2C-CB73-47C8-852E-06E63F35C05A} = {47A71E2C-CB73-47C8-852E-06E63F35C05A}
	EndProjectSection
EndProject
Project("{8BC9CEB8-8B4A-11D0-8D11-00A0C91BC942}") = "AnimaCore", "AnimaCore.vcproj", "{47A71E2C-CB73-47C8-852E-06E63F35C05A}"
EndProject
Project("{8BC9CEB8-8B4A-11D0-8D11-00A0C91BC942}") = "AnimaPluginGroupAllegro", "Plugins\AnimaPluginGroupAllegro.vcproj", "{41BAAC55-C734-46EC-B8E6-B58E61A06644}"
	ProjectSection(ProjectDependencies) = postProject
		{29D8AC25-ED6C-4FEF-A743-D4DDBD30782C} = {29D8AC25-ED6C-4FEF-A743-D4DDBD30782C}
		{47A71E2C-CB73-47C8-852E-06E63F35C05A} = {47A71E2C-CB73-47C8-852E-06E63F35C05A}
		{EEF1F45C-BE7C-4361-99AA-EC05DFCE3515} = {EEF1F45C-BE7C-4361-99AA-EC05DFCE3515}
	EndProjectSection
EndProject
Project("{8BC9CEB8-8B4A-11D0-8D11-00A0C91BC942}") = "AnimaGraphicsDeviceManagerDX10", "Plugins\AnimaGraphicsDeviceManagerDX10.vcproj", "{CBF15AC5-266C-4B01-97C3-A0B21BC9A944}"
EndProject
Project("{8BC9CEB8-8B4A-11D0-8D11-00A0C91BC942}") = "AnimaGraphicsDeviceManagerDX11", "Plugins\AnimaGraphicsDeviceManagerDX11.vcproj", "{52132885-251A-4477-9705-5BD8F8B5EED5}"
EndProject
Project("{8BC9CEB8-8B4A-11D0-8D11-00A0C91BC942}") = "AnimaOSWindowManagerWin", "Plugins\AnimaOSWindowManagerWin.vcproj", "{E593E9D2-8CC8-40A9-8571-1408F3440716}"
	ProjectSection(ProjectDependencies) = postProject
		{0A55C928-C7D6-4950-B934-5F8E7B56F816} = {0A55C928-C7D6-4950-B934-5F8E7B56F816}
	EndProjectSection
EndProject
Project("{8BC9CEB8-8B4A-11D0-8D11-00A0C91BC942}") = "AnimaGraphicsDeviceManagerGL15", "Plugins\AnimaGraphicsDeviceManagerGL1_5.vcproj", "{D657C5CC-92A6-40EA-A0D4-537ED2C1E850}"
	ProjectSection(ProjectDependencies) = postProject
		{006808A9-29DA-4C65-B001-CCB86BDB9C83} = {006808A9-29DA-4C65-B001-CCB86BDB9C83}
	EndProjectSection
EndProject
Project("{8BC9CEB8-8B4A-11D0-8D11-00A0C91BC942}") = "AnimaGraphicsImageManagerAE", "AnimaImageLoaderPNG.vcproj", "{77C418B9-43A0-4A02-90C4-84647F909BC9}"
EndProject
Project("{8BC9CEB8-8B4A-11D0-8D11-00A0C91BC942}") = "AnimaGraphicsFontManagerFT", "Plugins\AnimaGraphicsFontManagerFT.vcproj", "{6D52AE31-6C1C-4097-A4B2-CBAA34800885}"
EndProject
Project("{8BC9CEB8-8B4A-11D0-8D11-00A0C91BC942}") = "AnimaOSTimerManagerPoco", "Plugins\AnimaOSTimerPeriodicPoco.vcproj", "{40304315-B338-4BE6-B805-255B24AB8304}"
EndProject
Project("{8BC9CEB8-8B4A-11D0-8D11-00A0C91BC942}") = "AnimaPhysics2d", "AnimaPhysics.vcproj", "{255555AB-E23B-4CDB-9AB8-89066D98824A}"
EndProject
Project("{8BC9CEB8-8B4A-11D0-8D11-00A0C91BC942}") = "AnimaPhysics2dManagerBox2d", "Plugins\AnimaPhysicsManagerBox2d.vcproj", "{AF890BA0-A82A-4411-AC13-C6EB744704D8}"
EndProject
Project("{8BC9CEB8-8B4A-11D0-8D11-00A0C91BC942}") = "AnimaGraphicsDeviceManagerGL21", "Plugins\AnimaGraphicsDeviceManagerGL21.vcproj", "{E5F79EF0-A136-4120-A32D-72F04829F162}"
EndProject
Global
	GlobalSection(SolutionConfigurationPlatforms) = preSolution
		Debug|Win32 = Debug|Win32
		Release|Win32 = Release|Win32
	EndGlobalSection
	GlobalSection(ProjectConfigurationPlatforms) = postSolution
		{0A55C928-C7D6-4950-B934-5F8E7B56F816}.Debug|Win32.ActiveCfg = Debug|Win32
		{0A55C928-C7D6-4950-B934-5F8E7B56F816}.Debug|Win32.Build.0 = Debug|Win32
		{0A55C928-C7D6-4950-B934-5F8E7B56F816}.Release|Win32.ActiveCfg = Release|Win32
		{0A55C928-C7D6-4950-B934-5F8E7B56F816}.Release|Win32.Build.0 = Release|Win32
		{22B10265-7C7A-4683-85CB-D4D94C4FD5E2}.Debug|Win32.ActiveCfg = Debug|Win32
		{22B10265-7C7A-4683-85CB-D4D94C4FD5E2}.Debug|Win32.Build.0 = Debug|Win32
		{22B10265-7C7A-4683-85CB-D4D94C4FD5E2}.Release|Win32.ActiveCfg = Release|Win32
		{22B10265-7C7A-4683-85CB-D4D94C4FD5E2}.Release|Win32.Build.0 = Release|Win32
		{A302F1A4-FC3D-45CA-8C13-57534E1E044C}.Debug|Win32.ActiveCfg = Debug|Win32
		{A302F1A4-FC3D-45CA-8C13-57534E1E044C}.Debug|Win32.Build.0 = Debug|Win32
		{A302F1A4-FC3D-45CA-8C13-57534E1E044C}.Release|Win32.ActiveCfg = Release|Win32
		{A302F1A4-FC3D-45CA-8C13-57534E1E044C}.Release|Win32.Build.0 = Release|Win32
		{6FBF7594-03A8-4400-BD36-3F102FC42614}.Debug|Win32.ActiveCfg = Debug|Win32
		{6FBF7594-03A8-4400-BD36-3F102FC42614}.Debug|Win32.Build.0 = Debug|Win32
		{6FBF7594-03A8-4400-BD36-3F102FC42614}.Release|Win32.ActiveCfg = Release|Win32
		{6FBF7594-03A8-4400-BD36-3F102FC42614}.Release|Win32.Build.0 = Release|Win32
		{006808A9-29DA-4C65-B001-CCB86BDB9C83}.Debug|Win32.ActiveCfg = Debug|Win32
		{006808A9-29DA-4C65-B001-CCB86BDB9C83}.Debug|Win32.Build.0 = Debug|Win32
		{006808A9-29DA-4C65-B001-CCB86BDB9C83}.Release|Win32.ActiveCfg = Release|Win32
		{006808A9-29DA-4C65-B001-CCB86BDB9C83}.Release|Win32.Build.0 = Release|Win32
		{0570647A-8795-4570-A998-7F716ECE61C3}.Debug|Win32.ActiveCfg = Debug|Win32
		{0570647A-8795-4570-A998-7F716ECE61C3}.Debug|Win32.Build.0 = Debug|Win32
		{0570647A-8795-4570-A998-7F716ECE61C3}.Release|Win32.ActiveCfg = Release|Win32
		{0570647A-8795-4570-A998-7F716ECE61C3}.Release|Win32.Build.0 = Release|Win32
		{BB2B0FE3-51E2-474E-8E1A-B21F5169D3C4}.Debug|Win32.ActiveCfg = Debug|Win32
		{BB2B0FE3-51E2-474E-8E1A-B21F5169D3C4}.Debug|Win32.Build.0 = Debug|Win32
		{BB2B0FE3-51E2-474E-8E1A-B21F5169D3C4}.Release|Win32.ActiveCfg = Release|Win32
		{BB2B0FE3-51E2-474E-8E1A-B21F5169D3C4}.Release|Win32.Build.0 = Release|Win32
		{B22A479B-57F1-4448-8A3E-20A9456EC244}.Debug|Win32.ActiveCfg = Debug|Win32
		{B22A479B-57F1-4448-8A3E-20A9456EC244}.Debug|Win32.Build.0 = Debug|Win32
		{B22A479B-57F1-4448-8A3E-20A9456EC244}.Release|Win32.ActiveCfg = Release|Win32
		{B22A479B-57F1-4448-8A3E-20A9456EC244}.Release|Win32.Build.0 = Release|Win32
		{F36C8F0F-FCFC-4300-B6E8-CB90F5F0481F}.Debug|Win32.ActiveCfg = Debug|Win32
		{F36C8F0F-FCFC-4300-B6E8-CB90F5F0481F}.Debug|Win32.Build.0 = Debug|Win32
		{F36C8F0F-FCFC-4300-B6E8-CB90F5F0481F}.Release|Win32.ActiveCfg = Release|Win32
		{F36C8F0F-FCFC-4300-B6E8-CB90F5F0481F}.Release|Win32.Build.0 = Release|Win32
		{8107FDDB-8124-40FD-96FC-0852F0578B9C}.Debug|Win32.ActiveCfg = Debug|Win32
		{8107FDDB-8124-40FD-96FC-0852F0578B9C}.Debug|Win32.Build.0 = Debug|Win32
		{8107FDDB-8124-40FD-96FC-0852F0578B9C}.Release|Win32.ActiveCfg = Release|Win32
		{8107FDDB-8124-40FD-96FC-0852F0578B9C}.Release|Win32.Build.0 = Release|Win32
		{0EDADEAD-FB30-4DB3-9C6B-E504ED13656E}.Debug|Win32.ActiveCfg = Debug|Win32
		{0EDADEAD-FB30-4DB3-9C6B-E504ED13656E}.Debug|Win32.Build.0 = Debug|Win32
		{0EDADEAD-FB30-4DB3-9C6B-E504ED13656E}.Release|Win32.ActiveCfg = Release|Win32
		{0EDADEAD-FB30-4DB3-9C6B-E504ED13656E}.Release|Win32.Build.0 = Release|Win32
		{230EC91F-AEA2-49CB-91EF-6A7D18282492}.Debug|Win32.ActiveCfg = Debug|Win32
		{230EC91F-AEA2-49CB-91EF-6A7D18282492}.Debug|Win32.Build.0 = Debug|Win32
		{230EC91F-AEA2-49CB-91EF-6A7D18282492}.Release|Win32.ActiveCfg = Release|Win32
		{230EC91F-AEA2-49CB-91EF-6A7D18282492}.Release|Win32.Build.0 = Release|Win32
		{29D8AC25-ED6C-4FEF-A743-D4DDBD30782C}.Debug|Win32.ActiveCfg = Debug|Win32
		{29D8AC25-ED6C-4FEF-A743-D4DDBD30782C}.Debug|Win32.Build.0 = Debug|Win32
		{29D8AC25-ED6C-4FEF-A743-D4DDBD30782C}.Release|Win32.ActiveCfg = Release|Win32
		{29D8AC25-ED6C-4FEF-A743-D4DDBD30782C}.Release|Win32.Build.0 = Release|Win32
		{2FBA9450-0409-489B-8998-31D90B52D9E0}.Debug|Win32.ActiveCfg = Debug|Win32
		{2FBA9450-0409-489B-8998-31D90B52D9E0}.Debug|Win32.Build.0 = Debug|Win32
		{2FBA9450-0409-489B-8998-31D90B52D9E0}.Release|Win32.ActiveCfg = Release|Win32
		{2FBA9450-0409-489B-8998-31D90B52D9E0}.Release|Win32.Build.0 = Release|Win32
		{EEF1F45C-BE7C-4361-99AA-EC05DFCE3515}.Debug|Win32.ActiveCfg = Debug|Win32
		{EEF1F45C-BE7C-4361-99AA-EC05DFCE3515}.Debug|Win32.Build.0 = Debug|Win32
		{EEF1F45C-BE7C-4361-99AA-EC05DFCE3515}.Release|Win32.ActiveCfg = Release|Win32
		{EEF1F45C-BE7C-4361-99AA-EC05DFCE3515}.Release|Win32.Build.0 = Release|Win32
		{47A71E2C-CB73-47C8-852E-06E63F35C05A}.Debug|Win32.ActiveCfg = Debug|Win32
		{47A71E2C-CB73-47C8-852E-06E63F35C05A}.Debug|Win32.Build.0 = Debug|Win32
		{47A71E2C-CB73-47C8-852E-06E63F35C05A}.Release|Win32.ActiveCfg = Release|Win32
		{47A71E2C-CB73-47C8-852E-06E63F35C05A}.Release|Win32.Build.0 = Release|Win32
		{41BAAC55-C734-46EC-B8E6-B58E61A06644}.Debug|Win32.ActiveCfg = Debug|Win32
		{41BAAC55-C734-46EC-B8E6-B58E61A06644}.Debug|Win32.Build.0 = Debug|Win32
		{41BAAC55-C734-46EC-B8E6-B58E61A06644}.Release|Win32.ActiveCfg = Release|Win32
		{41BAAC55-C734-46EC-B8E6-B58E61A06644}.Release|Win32.Build.0 = Release|Win32
		{CBF15AC5-266C-4B01-97C3-A0B21BC9A944}.Debug|Win32.ActiveCfg = Debug|Win32
		{CBF15AC5-266C-4B01-97C3-A0B21BC9A944}.Debug|Win32.Build.0 = Debug|Win32
		{CBF15AC5-266C-4B01-97C3-A0B21BC9A944}.Release|Win32.ActiveCfg = Release|Win32
		{CBF15AC5-266C-4B01-97C3-A0B21BC9A944}.Release|Win32.Build.0 = Release|Win32
		{52132885-251A-4477-9705-5BD8F8B5EED5}.Debug|Win32.ActiveCfg = Debug|Win32
		{52132885-251A-4477-9705-5BD8F8B5EED5}.Debug|Win32.Build.0 = Debug|Win32
		{52132885-251A-4477-9705-5BD8F8B5EED5}.Release|Win32.ActiveCfg = Release|Win32
		{52132885-251A-4477-9705-5BD8F8B5EED5}.Release|Win32.Build.0 = Release|Win32
		{E593E9D2-8CC8-40A9-8571-1408F3440716}.Debug|Win32.ActiveCfg = Debug|Win32
		{E593E9D2-8CC8-40A9-8571-1408F3440716}.Debug|Win32.Build.0 = Debug|Win32
		{E593E9D2-8CC8-40A9-8571-1408F3440716}.Release|Win32.ActiveCfg = Release|Win32
		{E593E9D2-8CC8-40A9-8571-1408F3440716}.Release|Win32.Build.0 = Release|Win32
		{D657C5CC-92A6-40EA-A0D4-537ED2C1E850}.Debug|Win32.ActiveCfg = Debug|Win32
		{D657C5CC-92A6-40EA-A0D4-537ED2C1E850}.Debug|Win32.Build.0 = Debug|Win32
		{D657C5CC-92A6-40EA-A0D4-537ED2C1E850}.Release|Win32.ActiveCfg = Release|Win32
		{D657C5CC-92A6-40EA-A0D4-537ED2C1E850}.Release|Win32.Build.0 = Release|Win32
		{77C418B9-43A0-4A02-90C4-84647F909BC9}.Debug|Win32.ActiveCfg = Debug|Win32
		{77C418B9-43A0-4A02-90C4-84647F909BC9}.Debug|Win32.Build.0 = Debug|Win32
		{77C418B9-43A0-4A02-90C4-84647F909BC9}.Release|Win32.ActiveCfg = Release|Win32
		{77C418B9-43A0-4A02-90C4-84647F909BC9}.Release|Win32.Build.0 = Release|Win32
		{6D52AE31-6C1C-4097-A4B2-CBAA34800885}.Debug|Win32.ActiveCfg = Debug|Win32
		{6D52AE31-6C1C-4097-A4B2-CBAA34800885}.Debug|Win32.Build.0 = Debug|Win32
		{6D52AE31-6C1C-4097-A4B2-CBAA34800885}.Release|Win32.ActiveCfg = Release|Win32
		{6D52AE31-6C1C-4097-A4B2-CBAA34800885}.Release|Win32.Build.0 = Release|Win32
		{40304315-B338-4BE6-B805-255B24AB8304}.Debug|Win32.ActiveCfg = Debug|Win32
		{40304315-B338-4BE6-B805-255B24AB8304}.Debug|Win32.Build.0 = Debug|Win32
		{40304315-B338-4BE6-B805-255B24AB8304}.Release|Win32.ActiveCfg = Release|Win32
		{40304315-B338-4BE6-B805-255B24AB8304}.Release|Win32.Build.0 = Release|Win32
		{255555AB-E23B-4CDB-9AB8-89066D98824A}.Debug|Win32.ActiveCfg = Debug|Win32
		{255555AB-E23B-4CDB-9AB8-89066D98824A}.Debug|Win32.Build.0 = Debug|Win32
		{255555AB-E23B-4CDB-9AB8-89066D98824A}.Release|Win32.ActiveCfg = Release|Win32
		{255555AB-E23B-4CDB-9AB8-89066D98824A}.Release|Win32.Build.0 = Release|Win32
		{AF890BA0-A82A-4411-AC13-C6EB744704D8}.Debug|Win32.ActiveCfg = Debug|Win32
		{AF890BA0-A82A-4411-AC13-C6EB744704D8}.Debug|Win32.Build.0 = Debug|Win32
		{AF890BA0-A82A-4411-AC13-C6EB744704D8}.Release|Win32.ActiveCfg = Release|Win32
		{AF890BA0-A82A-4411-AC13-C6EB744704D8}.Release|Win32.Build.0 = Release|Win32
		{E5F79EF0-A136-4120-A32D-72F04829F162}.Debug|Win32.ActiveCfg = Debug|Win32
		{E5F79EF0-A136-4120-A32D-72F04829F162}.Debug|Win32.Build.0 = Debug|Win32
		{E5F79EF0-A136-4120-A32D-72F04829F162}.Release|Win32.ActiveCfg = Release|Win32
		{E5F79EF0-A136-4120-A32D-72F04829F162}.Release|Win32.Build.0 = Release|Win32
	EndGlobalSection
	GlobalSection(SolutionProperties) = preSolution
		HideSolutionNode = FALSE
	EndGlobalSection
EndGlobal
