<?xml version="1.0" encoding="utf-8"?>
<Project ToolsVersion="4.0" xmlns="http://schemas.microsoft.com/developer/msbuild/2003">
  <ItemGroup>
    <Filter Include="Header Files">
      <UniqueIdentifier>{d2119f4e-d807-4c92-88dc-23e7ea4b43c2}</UniqueIdentifier>
    </Filter>
    <Filter Include="Source Files">
      <UniqueIdentifier>{bf05fea6-b48c-4b56-96f7-e70f4b3d78ca}</UniqueIdentifier>
    </Filter>
  </ItemGroup>
  <ItemGroup>
    <ClInclude Include="..\..\Anima\Graphics\Device\ColorBuffer.h">
      <Filter>Header Files</Filter>
    </ClInclude>
    <ClInclude Include="..\..\Anima\Graphics\Device\ColorBufferDesc.h">
      <Filter>Header Files</Filter>
    </ClInclude>
    <ClInclude Include="..\..\Anima\Graphics\Device\StageTransformation2d.h">
      <Filter>Header Files</Filter>
    </ClInclude>
    <ClInclude Include="..\..\Anima\Graphics\Device\Context.h">
      <Filter>Header Files</Filter>
    </ClInclude>
    <ClInclude Include="..\..\Anima\Graphics\Device\ContextDesc.h">
      <Filter>Header Files</Filter>
    </ClInclude>
    <ClInclude Include="..\..\Anima\Graphics\Device\Driver.h">
      <Filter>Header Files</Filter>
    </ClInclude>
    <ClInclude Include="..\..\Anima\Graphics\Device\FrameBuffer.h">
      <Filter>Header Files</Filter>
    </ClInclude>
    <ClInclude Include="..\..\Anima\Graphics\Device\IndexBuffer.h">
      <Filter>Header Files</Filter>
    </ClInclude>
    <ClInclude Include="..\..\Anima\Graphics\Device\IndexBufferFactory.h">
      <Filter>Header Files</Filter>
    </ClInclude>
    <ClInclude Include="..\..\Anima\Graphics\Device\Manager.h">
      <Filter>Header Files</Filter>
    </ClInclude>
    <ClInclude Include="..\..\Anima\Graphics\Device\Pipeline.h">
      <Filter>Header Files</Filter>
    </ClInclude>
    <ClInclude Include="..\..\Anima\Graphics\Device\PipelineInputState.h">
      <Filter>Header Files</Filter>
    </ClInclude>
    <ClInclude Include="..\..\Anima\Graphics\Device\PipelineRasterizerState.h">
      <Filter>Header Files</Filter>
    </ClInclude>
    <ClInclude Include="..\..\Anima\Graphics\Device\PipelineStage.h">
      <Filter>Header Files</Filter>
    </ClInclude>
    <ClInclude Include="..\..\Anima\Graphics\Device\PipelineStateGroup.h">
      <Filter>Header Files</Filter>
    </ClInclude>
    <ClInclude Include="..\..\Anima\Graphics\Device\PixelBuffer.h">
      <Filter>Header Files</Filter>
    </ClInclude>
    <ClInclude Include="..\..\Anima\Graphics\Device\PixelBufferDesc.h">
      <Filter>Header Files</Filter>
    </ClInclude>
    <ClInclude Include="..\..\Anima\Graphics\Device\PixelBufferFactory.h">
      <Filter>Header Files</Filter>
    </ClInclude>
    <ClInclude Include="..\..\Anima\Graphics\Device\Stage.h">
      <Filter>Header Files</Filter>
    </ClInclude>
    <ClInclude Include="..\..\Anima\Graphics\Device\StageClipping.h">
      <Filter>Header Files</Filter>
    </ClInclude>
    <ClInclude Include="..\..\Anima\Graphics\Device\StageClipping2d.h">
      <Filter>Header Files</Filter>
    </ClInclude>
    <ClInclude Include="..\..\Anima\Graphics\Device\StageInput2D.h">
      <Filter>Header Files</Filter>
    </ClInclude>
    <ClInclude Include="..\..\Anima\Graphics\Device\StagePixelOperations.h">
      <Filter>Header Files</Filter>
    </ClInclude>
    <ClInclude Include="..\..\Anima\Graphics\Device\StageRasterizer.h">
      <Filter>Header Files</Filter>
    </ClInclude>
    <ClInclude Include="..\..\Anima\Graphics\Device\StateGroup.h">
      <Filter>Header Files</Filter>
    </ClInclude>
    <ClInclude Include="..\..\Anima\Graphics\Device\Subpipeline.h">
      <Filter>Header Files</Filter>
    </ClInclude>
    <ClInclude Include="..\..\Anima\Graphics\Device\Subpipeline2d.h">
      <Filter>Header Files</Filter>
    </ClInclude>
    <ClInclude Include="..\..\Anima\Graphics\Device\Subpipeline3d.h">
      <Filter>Header Files</Filter>
    </ClInclude>
    <ClInclude Include="..\..\Anima\Graphics\Device\SubpipelineRasterizer.h">
      <Filter>Header Files</Filter>
    </ClInclude>
    <ClInclude Include="..\..\Anima\Graphics\Device\TransformedColorBuffer.h">
      <Filter>Header Files</Filter>
    </ClInclude>
    <ClInclude Include="..\..\Anima\Graphics\Device\TransformedPixelBuffer.h">
      <Filter>Header Files</Filter>
    </ClInclude>
    <ClInclude Include="..\..\Anima\Graphics\Device\VertexBuffer.h">
      <Filter>Header Files</Filter>
    </ClInclude>
    <ClInclude Include="..\..\Anima\Graphics\Device\VertexBufferFactory.h">
      <Filter>Header Files</Filter>
    </ClInclude>
  </ItemGroup>
  <ItemGroup>
    <ClCompile Include="..\..\Anima\Graphics\Device\Driver.cpp">
      <Filter>Source Files</Filter>
    </ClCompile>
    <ClCompile Include="..\..\Anima\Graphics\Device\Manager.cpp">
      <Filter>Source Files</Filter>
    </ClCompile>
    <ClCompile Include="..\..\Anima\Graphics\Device\Pipeline.cpp">
      <Filter>Source Files</Filter>
    </ClCompile>
    <ClCompile Include="..\..\Anima\Graphics\Device\Subpipeline.cpp">
      <Filter>Source Files</Filter>
    </ClCompile>
  </ItemGroup>
</Project>