<?xml version="1.0" encoding="utf-8"?>
<Project ToolsVersion="4.0" xmlns="http://schemas.microsoft.com/developer/msbuild/2003">
  <ItemGroup>
    <Filter Include="Header Files">
      <UniqueIdentifier>{e007fa11-e956-42aa-a068-eab16c0132c2}</UniqueIdentifier>
      <Extensions>h;hpp;hxx;hm;inl;inc;xsd</Extensions>
    </Filter>
    <Filter Include="Source Files">
      <UniqueIdentifier>{8079de5c-7430-4a3d-9dd7-a87498c82a85}</UniqueIdentifier>
      <Extensions>cpp;c;cc;cxx;def;odl;idl;hpj;bat;asm;asmx</Extensions>
    </Filter>
  </ItemGroup>
  <ItemGroup>
    <ClInclude Include="..\..\Anima\Graphics\AnimaGraphicsAxesConvention2d.h">
      <Filter>Header Files</Filter>
    </ClInclude>
    <ClInclude Include="..\..\Anima\Graphics\AnimaGraphicsCamera.h">
      <Filter>Header Files</Filter>
    </ClInclude>
    <ClInclude Include="..\..\Anima\Graphics\AnimaGraphicsCamera2d.h">
      <Filter>Header Files</Filter>
    </ClInclude>
    <ClInclude Include="..\..\Anima\Graphics\AnimaGraphicsColor.h">
      <Filter>Header Files</Filter>
    </ClInclude>
    <ClInclude Include="..\..\Anima\Graphics\AnimaGraphicsColorBuffer.h">
      <Filter>Header Files</Filter>
    </ClInclude>
    <ClInclude Include="..\..\Anima\Graphics\AnimaGraphicsColorBufferDesc.h">
      <Filter>Header Files</Filter>
    </ClInclude>
    <ClInclude Include="..\..\Anima\Graphics\AnimaGraphicsColorStructure.h">
      <Filter>Header Files</Filter>
    </ClInclude>
    <ClInclude Include="..\..\Anima\Graphics\AnimaGraphicsDrawingContext.h">
      <Filter>Header Files</Filter>
    </ClInclude>
    <ClInclude Include="..\..\Anima\Graphics\AnimaGraphicsDrawingContextDesc.h">
      <Filter>Header Files</Filter>
    </ClInclude>
    <ClInclude Include="..\..\Anima\Graphics\AnimaGraphicsEnums.h">
      <Filter>Header Files</Filter>
    </ClInclude>
    <ClInclude Include="..\..\Anima\Graphics\AnimaGraphicsGeometry.h">
      <Filter>Header Files</Filter>
    </ClInclude>
    <ClInclude Include="..\..\Anima\Graphics\AnimaGraphicsGeometryDesc.h">
      <Filter>Header Files</Filter>
    </ClInclude>
    <ClInclude Include="..\..\Anima\Graphics\AnimaGraphicsGeometryDescArc.h">
      <Filter>Header Files</Filter>
    </ClInclude>
    <ClInclude Include="..\..\Anima\Graphics\AnimaGraphicsGeometryDescCircle.h">
      <Filter>Header Files</Filter>
    </ClInclude>
    <ClInclude Include="..\..\Anima\Graphics\AnimaGraphicsGeometryDescDonut.h">
      <Filter>Header Files</Filter>
    </ClInclude>
    <ClInclude Include="..\..\Anima\Graphics\AnimaGraphicsGeometryDescEllipse.h">
      <Filter>Header Files</Filter>
    </ClInclude>
    <ClInclude Include="..\..\Anima\Graphics\AnimaGraphicsGeometryDescLine.h">
      <Filter>Header Files</Filter>
    </ClInclude>
    <ClInclude Include="..\..\Anima\Graphics\AnimaGraphicsGeometryDescPie.h">
      <Filter>Header Files</Filter>
    </ClInclude>
    <ClInclude Include="..\..\Anima\Graphics\AnimaGraphicsGeometryDescRectangle.h">
      <Filter>Header Files</Filter>
    </ClInclude>
    <ClInclude Include="..\..\Anima\Graphics\AnimaGraphicsGeometryDescSpline.h">
      <Filter>Header Files</Filter>
    </ClInclude>
    <ClInclude Include="..\..\Anima\Graphics\AnimaGraphicsGeometryDescTriangle.h">
      <Filter>Header Files</Filter>
    </ClInclude>
    <ClInclude Include="..\..\Anima\Graphics\AnimaGraphicsGeometryFactory.h">
      <Filter>Header Files</Filter>
    </ClInclude>
    <ClInclude Include="..\..\Anima\Graphics\AnimaGraphicsGeometryFactoryAE.h">
      <Filter>Header Files</Filter>
    </ClInclude>
    <ClInclude Include="..\..\Anima\Graphics\AnimaGraphicsImage.h">
      <Filter>Header Files</Filter>
    </ClInclude>
    <ClInclude Include="..\..\Anima\Graphics\AnimaGraphicsImageDesc.h">
      <Filter>Header Files</Filter>
    </ClInclude>
    <ClInclude Include="..\..\Anima\Graphics\AnimaGraphicsImageFactory.h">
      <Filter>Header Files</Filter>
    </ClInclude>
    <ClInclude Include="..\..\Anima\Graphics\AnimaGraphicsImageFactoryAE.h">
      <Filter>Header Files</Filter>
    </ClInclude>
    <ClInclude Include="..\..\Anima\Graphics\AnimaGraphicsImageLoader.h">
      <Filter>Header Files</Filter>
    </ClInclude>
    <ClInclude Include="..\..\Anima\Graphics\AnimaGraphicsImageLoaderPNG.h">
      <Filter>Header Files</Filter>
    </ClInclude>
    <ClInclude Include="..\..\Anima\Graphics\AnimaGraphicsImageManager.h">
      <Filter>Header Files</Filter>
    </ClInclude>
    <ClInclude Include="..\..\Anima\Graphics\AnimaGraphicsImageManagerAE.h">
      <Filter>Header Files</Filter>
    </ClInclude>
    <ClInclude Include="..\..\Anima\Graphics\AnimaGraphicsImagePng.h">
      <Filter>Header Files</Filter>
    </ClInclude>
    <ClInclude Include="..\..\Anima\Graphics\AnimaGraphicsImageRaw.h">
      <Filter>Header Files</Filter>
    </ClInclude>
    <ClInclude Include="..\..\Anima\Graphics\AnimaGraphicsManager.h">
      <Filter>Header Files</Filter>
    </ClInclude>
    <ClInclude Include="..\..\Anima\Graphics\AnimaGraphicsMesh.h">
      <Filter>Header Files</Filter>
    </ClInclude>
    <ClInclude Include="..\..\Anima\Graphics\AnimaGraphicsPrimitiveFactory.h">
      <Filter>Header Files</Filter>
    </ClInclude>
    <ClInclude Include="..\..\Anima\Graphics\AnimaGraphicsRasterFactory.h">
      <Filter>Header Files</Filter>
    </ClInclude>
    <ClInclude Include="..\..\Anima\Graphics\AnimaGraphicsRenderManager.h">
      <Filter>Header Files</Filter>
    </ClInclude>
    <ClInclude Include="..\..\Anima\Graphics\AnimaGraphicsSprite.h">
      <Filter>Header Files</Filter>
    </ClInclude>
    <ClInclude Include="..\..\Anima\Graphics\AnimaGraphicsSurface.h">
      <Filter>Header Files</Filter>
    </ClInclude>
    <ClInclude Include="..\..\Anima\Graphics\AnimaGraphicsSurfaceDesc.h">
      <Filter>Header Files</Filter>
    </ClInclude>
    <ClInclude Include="..\..\Anima\Graphics\AnimaGraphicsSurfaceFactory.h">
      <Filter>Header Files</Filter>
    </ClInclude>
    <ClInclude Include="..\..\Anima\Graphics\AnimaGraphicsTexture.h">
      <Filter>Header Files</Filter>
    </ClInclude>
    <ClInclude Include="..\..\Anima\Graphics\AnimaGraphicsTransformation2dDesc.h">
      <Filter>Header Files</Filter>
    </ClInclude>
    <ClInclude Include="..\..\Anima\Graphics\AnimaGraphicsTransformedColorBuffer.h">
      <Filter>Header Files</Filter>
    </ClInclude>
    <ClInclude Include="..\..\Anima\Graphics\AnimaGraphicsTypedefs.h">
      <Filter>Header Files</Filter>
    </ClInclude>
    <ClInclude Include="..\..\Anima\Graphics\AnimaGraphicsVideoAdapter.h">
      <Filter>Header Files</Filter>
    </ClInclude>
    <ClInclude Include="..\..\Anima\Graphics\AnimaGraphicsViewport.h">
      <Filter>Header Files</Filter>
    </ClInclude>
  </ItemGroup>
  <ItemGroup>
    <ClCompile Include="..\..\Anima\Graphics\AnimaGraphicsAxesConvention2d.cpp">
      <Filter>Source Files</Filter>
    </ClCompile>
    <ClCompile Include="..\..\Anima\Graphics\AnimaGraphicsCamera.cpp">
      <Filter>Source Files</Filter>
    </ClCompile>
    <ClCompile Include="..\..\Anima\Graphics\AnimaGraphicsColorBuffer.cpp">
      <Filter>Source Files</Filter>
    </ClCompile>
    <ClCompile Include="..\..\Anima\Graphics\AnimaGraphicsGeometryFactory.cpp">
      <Filter>Source Files</Filter>
    </ClCompile>
    <ClCompile Include="..\..\Anima\Graphics\AnimaGraphicsImageFactory.cpp">
      <Filter>Source Files</Filter>
    </ClCompile>
    <ClCompile Include="..\..\Anima\Graphics\AnimaGraphicsImageFactoryAE.cpp">
      <Filter>Source Files</Filter>
    </ClCompile>
    <ClCompile Include="..\..\Anima\Graphics\AnimaGraphicsImageLoaderPNG.cpp">
      <Filter>Source Files</Filter>
    </ClCompile>
    <ClCompile Include="..\..\Anima\Graphics\AnimaGraphicsImageManager.cpp">
      <Filter>Source Files</Filter>
    </ClCompile>
    <ClCompile Include="..\..\Anima\Graphics\AnimaGraphicsImageManagerAE.cpp">
      <Filter>Source Files</Filter>
    </ClCompile>
    <ClCompile Include="..\..\Anima\Graphics\AnimaGraphicsManager.cpp">
      <Filter>Source Files</Filter>
    </ClCompile>
    <ClCompile Include="..\..\Anima\Graphics\AnimaGraphicsPrimitiveFactory.cpp">
      <Filter>Source Files</Filter>
    </ClCompile>
    <ClCompile Include="..\..\Anima\Graphics\AnimaGraphicsRasterFactory.cpp">
      <Filter>Source Files</Filter>
    </ClCompile>
    <ClCompile Include="..\..\Anima\Graphics\AnimaGraphicsSurfaceFactory.cpp">
      <Filter>Source Files</Filter>
    </ClCompile>
    <ClCompile Include="..\..\Anima\Graphics\AnimaGraphicsViewport.cpp">
      <Filter>Source Files</Filter>
    </ClCompile>
  </ItemGroup>
</Project>